PODS:
  - Nimble (7.1.0)
  - Quick (1.2.0)
  - SwiftLint (0.25.1)
  - TPPDF (1.0.1):
    - SwiftLint

DEPENDENCIES:
  - Nimble
  - Quick
  - TPPDF (from `../`)

SPEC REPOS:
  https://github.com/CocoaPods/Specs.git:
    - Nimble
    - Quick
    - SwiftLint

EXTERNAL SOURCES:
  TPPDF:
    :path: "../"

SPEC CHECKSUMS:
  Nimble: 9c6651c3021af6de54c3ed90a4a0a87d548f7359
  Quick: 58d203b1c5e27fff7229c4c1ae445ad7069a7a08
  SwiftLint: ce933681be10c3266e82576dad676fa815a602e9
  TPPDF: c13bd93204ba195056984ee5bc1b37666743b7af

PODFILE CHECKSUM: 0c8849772298db6432e95b563e736cd39f590f7e

COCOAPODS: 1.5.0
