PODS:
  - Nimble (7.3.1)
  - Quick (1.3.2)
  - SwiftLint (0.27.0)
  - TPPDF (1.3.0):
    - SwiftLint

DEPENDENCIES:
  - Nimble
  - Quick
  - TPPDF (from `../`)

SPEC REPOS:
  https://github.com/cocoapods/specs.git:
    - Nimble
    - Quick
    - SwiftLint

EXTERNAL SOURCES:
  TPPDF:
    :path: "../"

SPEC CHECKSUMS:
  Nimble: 04f732da099ea4d153122aec8c2a88fd0c7219ae
  Quick: 2623cb30d7a7f41ca62f684f679586558f483d46
  SwiftLint: 3207c1faa2240bf8973b191820a116113cd11073
  TPPDF: 27ab40abb6893df16302ba89b01a9c0125e6c34e

PODFILE CHECKSUM: 90989ad9e7d612890314a38f1db902d47fbb1153

COCOAPODS: 1.5.3
