// !$*UTF8*$!
{
	archiveVersion = 1;
	classes = {
	};
	objectVersion = 46;
	objects = {

/* Begin PBXBuildFile section */
		208098D858356668EEB2ACFB /* Pods_TPPDF_Tests.framework in Frameworks */ = {isa = PBXBuildFile; fileRef = 9662FCFA2AD4537FCA8E177E /* Pods_TPPDF_Tests.framework */; };
		607FACD61AFB9204008FA782 /* AppDelegate.swift in Sources */ = {isa = PBXBuildFile; fileRef = 607FACD51AFB9204008FA782 /* AppDelegate.swift */; };
		607FACD81AFB9204008FA782 /* ViewController.swift in Sources */ = {isa = PBXBuildFile; fileRef = 607FACD71AFB9204008FA782 /* ViewController.swift */; };
		607FACDB1AFB9204008FA782 /* Main.storyboard in Resources */ = {isa = PBXBuildFile; fileRef = 607FACD91AFB9204008FA782 /* Main.storyboard */; };
		607FACDD1AFB9204008FA782 /* Images.xcassets in Resources */ = {isa = PBXBuildFile; fileRef = 607FACDC1AFB9204008FA782 /* Images.xcassets */; };
		607FACE01AFB9204008FA782 /* LaunchScreen.xib in Resources */ = {isa = PBXBuildFile; fileRef = 607FACDE1AFB9204008FA782 /* LaunchScreen.xib */; };
		CCB8EF8235467C63EC21A3FF /* Pods_TPPDF_Example.framework in Frameworks */ = {isa = PBXBuildFile; fileRef = 71E6F7818C0D4F3324578381 /* Pods_TPPDF_Example.framework */; };
		D49CB34621C7EB5E00CDCE70 /* Int+RomanNumerals_Spec.swift in Sources */ = {isa = PBXBuildFile; fileRef = D49CB2E821C7EB5D00CDCE70 /* Int+RomanNumerals_Spec.swift */; };
		D49CB34721C7EB5E00CDCE70 /* PDFPagination_Equatable_Spec.swift in Sources */ = {isa = PBXBuildFile; fileRef = D49CB2E921C7EB5D00CDCE70 /* PDFPagination_Equatable_Spec.swift */; };
		D49CB34821C7EB5E00CDCE70 /* PDFPagination_Closure_Spec.swift in Sources */ = {isa = PBXBuildFile; fileRef = D49CB2EA21C7EB5D00CDCE70 /* PDFPagination_Closure_Spec.swift */; };
		D49CB34921C7EB5E00CDCE70 /* PDFPaginationStyle_Spec.swift in Sources */ = {isa = PBXBuildFile; fileRef = D49CB2EB21C7EB5D00CDCE70 /* PDFPaginationStyle_Spec.swift */; };
		D49CB34A21C7EB5E00CDCE70 /* PDFPagination_Spec.swift in Sources */ = {isa = PBXBuildFile; fileRef = D49CB2EC21C7EB5D00CDCE70 /* PDFPagination_Spec.swift */; };
		D49CB34B21C7EB5E00CDCE70 /* PDFPaginationStyle+Equatable_Spec.swift in Sources */ = {isa = PBXBuildFile; fileRef = D49CB2ED21C7EB5D00CDCE70 /* PDFPaginationStyle+Equatable_Spec.swift */; };
		D49CB34C21C7EB5E00CDCE70 /* PDFIndentationObject_Spec.swift in Sources */ = {isa = PBXBuildFile; fileRef = D49CB2EF21C7EB5D00CDCE70 /* PDFIndentationObject_Spec.swift */; };
		D49CB34D21C7EB5E00CDCE70 /* PDFPageBreakObject_Spec.swift in Sources */ = {isa = PBXBuildFile; fileRef = D49CB2F021C7EB5D00CDCE70 /* PDFPageBreakObject_Spec.swift */; };
		D49CB34E21C7EB5E00CDCE70 /* PDFOffsetObject_Spec.swift in Sources */ = {isa = PBXBuildFile; fileRef = D49CB2F121C7EB5D00CDCE70 /* PDFOffsetObject_Spec.swift */; };
		D49CB34F21C7EB5E00CDCE70 /* PDFPageLayout+Equatable_Spec.swift in Sources */ = {isa = PBXBuildFile; fileRef = D49CB2F221C7EB5D00CDCE70 /* PDFPageLayout+Equatable_Spec.swift */; };
		D49CB35021C7EB5E00CDCE70 /* PDFPageLayout_Spec.swift in Sources */ = {isa = PBXBuildFile; fileRef = D49CB2F321C7EB5D00CDCE70 /* PDFPageLayout_Spec.swift */; };
		D49CB35121C7EB5E00CDCE70 /* PDFSpaceObject_Spec.swift in Sources */ = {isa = PBXBuildFile; fileRef = D49CB2F421C7EB5D00CDCE70 /* PDFSpaceObject_Spec.swift */; };
		D49CB35221C7EB5E00CDCE70 /* PDFLayout+Equatable_Spec.swift in Sources */ = {isa = PBXBuildFile; fileRef = D49CB2F521C7EB5D00CDCE70 /* PDFLayout+Equatable_Spec.swift */; };
		D49CB35321C7EB5E00CDCE70 /* PDFLayoutIndentations_Spec.swift in Sources */ = {isa = PBXBuildFile; fileRef = D49CB2F621C7EB5D00CDCE70 /* PDFLayoutIndentations_Spec.swift */; };
		D49CB35421C7EB5E00CDCE70 /* PDFLayoutIndentations+Equatable_Spec.swift in Sources */ = {isa = PBXBuildFile; fileRef = D49CB2F721C7EB5D00CDCE70 /* PDFLayoutIndentations+Equatable_Spec.swift */; };
		D49CB35521C7EB5E00CDCE70 /* PDFContainer_Spec.swift in Sources */ = {isa = PBXBuildFile; fileRef = D49CB2F821C7EB5D00CDCE70 /* PDFContainer_Spec.swift */; };
		D49CB35621C7EB5E00CDCE70 /* PDFLayoutHeights_Spec.swift in Sources */ = {isa = PBXBuildFile; fileRef = D49CB2F921C7EB5D00CDCE70 /* PDFLayoutHeights_Spec.swift */; };
		D49CB35721C7EB5E00CDCE70 /* PDFOffsetObject+Equatable_Spec.swift in Sources */ = {isa = PBXBuildFile; fileRef = D49CB2FA21C7EB5D00CDCE70 /* PDFOffsetObject+Equatable_Spec.swift */; };
		D49CB35821C7EB5E00CDCE70 /* PDFPageBreakObject+Equatable_Spec.swift in Sources */ = {isa = PBXBuildFile; fileRef = D49CB2FB21C7EB5D00CDCE70 /* PDFPageBreakObject+Equatable_Spec.swift */; };
		D49CB35921C7EB5E00CDCE70 /* PDFLayout_Spec.swift in Sources */ = {isa = PBXBuildFile; fileRef = D49CB2FC21C7EB5D00CDCE70 /* PDFLayout_Spec.swift */; };
		D49CB35A21C7EB5E00CDCE70 /* PDFIndentationObject_Equatable_Spec.swift in Sources */ = {isa = PBXBuildFile; fileRef = D49CB2FD21C7EB5D00CDCE70 /* PDFIndentationObject_Equatable_Spec.swift */; };
		D49CB35B21C7EB5E00CDCE70 /* PDFLayoutHeights+Equatable_Spec.swift in Sources */ = {isa = PBXBuildFile; fileRef = D49CB2FE21C7EB5D00CDCE70 /* PDFLayoutHeights+Equatable_Spec.swift */; };
		D49CB35C21C7EB5E00CDCE70 /* CGPoint+Math_Spec.swift in Sources */ = {isa = PBXBuildFile; fileRef = D49CB30021C7EB5D00CDCE70 /* CGPoint+Math_Spec.swift */; };
		D49CB35D21C7EB5E00CDCE70 /* PDFImageSizeFit_Spec.swift in Sources */ = {isa = PBXBuildFile; fileRef = D49CB30221C7EB5D00CDCE70 /* PDFImageSizeFit_Spec.swift */; };
		D49CB35E21C7EB5E00CDCE70 /* PDFImage_Equatable_Spec.swift in Sources */ = {isa = PBXBuildFile; fileRef = D49CB30321C7EB5D00CDCE70 /* PDFImage_Equatable_Spec.swift */; };
		D49CB35F21C7EB5E00CDCE70 /* PDFImage_Spec.swift in Sources */ = {isa = PBXBuildFile; fileRef = D49CB30421C7EB5D00CDCE70 /* PDFImage_Spec.swift */; };
		D49CB36021C7EB5E00CDCE70 /* PDFSimpleText_Spec.swift in Sources */ = {isa = PBXBuildFile; fileRef = D49CB30621C7EB5D00CDCE70 /* PDFSimpleText_Spec.swift */; };
		D49CB36121C7EB5E00CDCE70 /* PDFText_Spec.swift in Sources */ = {isa = PBXBuildFile; fileRef = D49CB30721C7EB5D00CDCE70 /* PDFText_Spec.swift */; };
		D49CB36221C7EB5E00CDCE70 /* PDFSimpleText+Equatable_Spec.swift in Sources */ = {isa = PBXBuildFile; fileRef = D49CB30821C7EB5D00CDCE70 /* PDFSimpleText+Equatable_Spec.swift */; };
		D49CB36321C7EB5E00CDCE70 /* PDFAttributedText_Spec.swift in Sources */ = {isa = PBXBuildFile; fileRef = D49CB30921C7EB5D00CDCE70 /* PDFAttributedText_Spec.swift */; };
		D49CB36421C7EB5E00CDCE70 /* PDFTextColorObject_Spec.swift in Sources */ = {isa = PBXBuildFile; fileRef = D49CB30A21C7EB5D00CDCE70 /* PDFTextColorObject_Spec.swift */; };
		D49CB36521C7EB5E00CDCE70 /* PDFAttributedText+Equatable_Spec.swift in Sources */ = {isa = PBXBuildFile; fileRef = D49CB30B21C7EB5D00CDCE70 /* PDFAttributedText+Equatable_Spec.swift */; };
		D49CB36621C7EB5E00CDCE70 /* PDFFontObject_Spec.swift in Sources */ = {isa = PBXBuildFile; fileRef = D49CB30C21C7EB5D00CDCE70 /* PDFFontObject_Spec.swift */; };
		D49CB36721C7EB5E00CDCE70 /* PDFAttributedTextObject_Spec.swift in Sources */ = {isa = PBXBuildFile; fileRef = D49CB30D21C7EB5D00CDCE70 /* PDFAttributedTextObject_Spec.swift */; };
		D49CB36821C7EB5E00CDCE70 /* PDFGenerator+Layout_Spec.swift in Sources */ = {isa = PBXBuildFile; fileRef = D49CB30E21C7EB5D00CDCE70 /* PDFGenerator+Layout_Spec.swift */; };
		D49CB36921C7EB5E00CDCE70 /* PDFJSONSerializable_Spec.swift in Sources */ = {isa = PBXBuildFile; fileRef = D49CB31021C7EB5D00CDCE70 /* PDFJSONSerializable_Spec.swift */; };
		D49CB36A21C7EB5E00CDCE70 /* PDFJSONRepresentable_Spec.swift in Sources */ = {isa = PBXBuildFile; fileRef = D49CB31121C7EB5D00CDCE70 /* PDFJSONRepresentable_Spec.swift */; };
		D49CB36B21C7EB5E00CDCE70 /* PDFGenerator_Spec.swift in Sources */ = {isa = PBXBuildFile; fileRef = D49CB31221C7EB5D00CDCE70 /* PDFGenerator_Spec.swift */; };
		D49CB36C21C7EB5E00CDCE70 /* PDFInfo_Spec.swift in Sources */ = {isa = PBXBuildFile; fileRef = D49CB31421C7EB5D00CDCE70 /* PDFInfo_Spec.swift */; };
		D49CB36D21C7EB5E00CDCE70 /* PDFInfo+Equatable_Spec.swift in Sources */ = {isa = PBXBuildFile; fileRef = D49CB31521C7EB5D00CDCE70 /* PDFInfo+Equatable_Spec.swift */; };
		D49CB36E21C7EB5E00CDCE70 /* PDFLineSeparatorObject+Equatable_Spec.swift in Sources */ = {isa = PBXBuildFile; fileRef = D49CB31721C7EB5D00CDCE70 /* PDFLineSeparatorObject+Equatable_Spec.swift */; };
		D49CB36F21C7EB5E00CDCE70 /* PDFLineType_Spec.swift in Sources */ = {isa = PBXBuildFile; fileRef = D49CB31821C7EB5D00CDCE70 /* PDFLineType_Spec.swift */; };
		D49CB37021C7EB5E00CDCE70 /* PDFLineStyle_Equatable_Spec.swift in Sources */ = {isa = PBXBuildFile; fileRef = D49CB31921C7EB5D00CDCE70 /* PDFLineStyle_Equatable_Spec.swift */; };
		D49CB37121C7EB5E00CDCE70 /* PDFLineSeparatorObject_Spec.swift in Sources */ = {isa = PBXBuildFile; fileRef = D49CB31A21C7EB5D00CDCE70 /* PDFLineSeparatorObject_Spec.swift */; };
		D49CB37221C7EB5E00CDCE70 /* UIImage+CloseToEqual_Spec.swift in Sources */ = {isa = PBXBuildFile; fileRef = D49CB31B21C7EB5D00CDCE70 /* UIImage+CloseToEqual_Spec.swift */; };
		D49CB37321C7EB5E00CDCE70 /* PDFGraphics_Spec.swift in Sources */ = {isa = PBXBuildFile; fileRef = D49CB31C21C7EB5D00CDCE70 /* PDFGraphics_Spec.swift */; };
		D49CB37421C7EB5E00CDCE70 /* UIImage+Pixel_Spec.swift in Sources */ = {isa = PBXBuildFile; fileRef = D49CB31D21C7EB5D00CDCE70 /* UIImage+Pixel_Spec.swift */; };
		D49CB37521C7EB5E00CDCE70 /* PDFLineStyle_Spec.swift in Sources */ = {isa = PBXBuildFile; fileRef = D49CB31E21C7EB5D00CDCE70 /* PDFLineStyle_Spec.swift */; };
		D49CB37621C7EB5E00CDCE70 /* UIColor+Hex_Spec.swift in Sources */ = {isa = PBXBuildFile; fileRef = D49CB31F21C7EB5D00CDCE70 /* UIColor+Hex_Spec.swift */; };
		D49CB37721C7EB5E00CDCE70 /* PDFGenerator+Debug_Spec.swift in Sources */ = {isa = PBXBuildFile; fileRef = D49CB32021C7EB5D00CDCE70 /* PDFGenerator+Debug_Spec.swift */; };
		D49CB37821C7EB5E00CDCE70 /* PDFCalculations_Spec.swift in Sources */ = {isa = PBXBuildFile; fileRef = D49CB32221C7EB5D00CDCE70 /* PDFCalculations_Spec.swift */; };
		D49CB37921C7EB5E00CDCE70 /* PDFObject_Spec.swift in Sources */ = {isa = PBXBuildFile; fileRef = D49CB32321C7EB5D00CDCE70 /* PDFObject_Spec.swift */; };
		D49CB37A21C7EB5E00CDCE70 /* PDFError_Spec.swift in Sources */ = {isa = PBXBuildFile; fileRef = D49CB32421C7EB5D00CDCE70 /* PDFError_Spec.swift */; };
		D49CB37B21C7EB5E00CDCE70 /* PDFTableCellPosition_Spec.swift in Sources */ = {isa = PBXBuildFile; fileRef = D49CB32621C7EB5D00CDCE70 /* PDFTableCellPosition_Spec.swift */; };
		D49CB37C21C7EB5E00CDCE70 /* PDFTableStyle+Equatable_Spec.swift in Sources */ = {isa = PBXBuildFile; fileRef = D49CB32721C7EB5D00CDCE70 /* PDFTableStyle+Equatable_Spec.swift */; };
		D49CB37D21C7EB5E00CDCE70 /* PDFTableCellStyle_Spec.swift in Sources */ = {isa = PBXBuildFile; fileRef = D49CB32821C7EB5D00CDCE70 /* PDFTableCellStyle_Spec.swift */; };
		D49CB37E21C7EB5E00CDCE70 /* PDFTableValidator_Spec.swift in Sources */ = {isa = PBXBuildFile; fileRef = D49CB32921C7EB5D00CDCE70 /* PDFTableValidator_Spec.swift */; };
		D49CB37F21C7EB5E00CDCE70 /* PDFTableCellBorders+Equatable_Spec.swift in Sources */ = {isa = PBXBuildFile; fileRef = D49CB32A21C7EB5D00CDCE70 /* PDFTableCellBorders+Equatable_Spec.swift */; };
		D49CB38021C7EB5E00CDCE70 /* PDFTableCellStyle+Equatable_Spec.swift in Sources */ = {isa = PBXBuildFile; fileRef = D49CB32B21C7EB5D00CDCE70 /* PDFTableCellStyle+Equatable_Spec.swift */; };
		D49CB38121C7EB5E00CDCE70 /* PDFTableCellBorders_Spec.swift in Sources */ = {isa = PBXBuildFile; fileRef = D49CB32C21C7EB5D00CDCE70 /* PDFTableCellBorders_Spec.swift */; };
		D49CB38221C7EB5E00CDCE70 /* PDFTableCell_Spec.swift in Sources */ = {isa = PBXBuildFile; fileRef = D49CB32D21C7EB5D00CDCE70 /* PDFTableCell_Spec.swift */; };
		D49CB38321C7EB5E00CDCE70 /* PDFTable+Equatable_Spec.swift in Sources */ = {isa = PBXBuildFile; fileRef = D49CB32E21C7EB5D00CDCE70 /* PDFTable+Equatable_Spec.swift */; };
		D49CB38421C7EB5E00CDCE70 /* PDFTableCellAlignment_Spec.swift in Sources */ = {isa = PBXBuildFile; fileRef = D49CB32F21C7EB5D00CDCE70 /* PDFTableCellAlignment_Spec.swift */; };
		D49CB38521C7EB5E00CDCE70 /* PDFTableContent_Spec.swift in Sources */ = {isa = PBXBuildFile; fileRef = D49CB33021C7EB5D00CDCE70 /* PDFTableContent_Spec.swift */; };
		D49CB38621C7EB5E00CDCE70 /* PDFTableStyle+Defaults_Spec.swift in Sources */ = {isa = PBXBuildFile; fileRef = D49CB33121C7EB5D00CDCE70 /* PDFTableStyle+Defaults_Spec.swift */; };
		D49CB38721C7EB5E00CDCE70 /* PDFTableCellPosition+Equatable_Spec.swift in Sources */ = {isa = PBXBuildFile; fileRef = D49CB33221C7EB5D00CDCE70 /* PDFTableCellPosition+Equatable_Spec.swift */; };
		D49CB38821C7EB5E00CDCE70 /* PDFTableStyle_Spec.swift in Sources */ = {isa = PBXBuildFile; fileRef = D49CB33321C7EB5D00CDCE70 /* PDFTableStyle_Spec.swift */; };
		D49CB38921C7EB5E00CDCE70 /* PDFTableCellPosition_Hashable_Spec.swift in Sources */ = {isa = PBXBuildFile; fileRef = D49CB33421C7EB5D00CDCE70 /* PDFTableCellPosition_Hashable_Spec.swift */; };
		D49CB38A21C7EB5E00CDCE70 /* PDFTable_Spec.swift in Sources */ = {isa = PBXBuildFile; fileRef = D49CB33521C7EB5D00CDCE70 /* PDFTable_Spec.swift */; };
		D49CB38B21C7EB5E00CDCE70 /* PDFTableContent+Equatable_Spec.swift in Sources */ = {isa = PBXBuildFile; fileRef = D49CB33621C7EB5D00CDCE70 /* PDFTableContent+Equatable_Spec.swift */; };
		D49CB38C21C7EB5E00CDCE70 /* PDFTableCell+Equatable_Spec.swift in Sources */ = {isa = PBXBuildFile; fileRef = D49CB33721C7EB5D00CDCE70 /* PDFTableCell+Equatable_Spec.swift */; };
		D49CB38D21C7EB5E00CDCE70 /* PDFListItem_Equatable_Spec.swift in Sources */ = {isa = PBXBuildFile; fileRef = D49CB33921C7EB5D00CDCE70 /* PDFListItem_Equatable_Spec.swift */; };
		D49CB38E21C7EB5E00CDCE70 /* PDFListItem_Spec.swift in Sources */ = {isa = PBXBuildFile; fileRef = D49CB33A21C7EB5D00CDCE70 /* PDFListItem_Spec.swift */; };
		D49CB38F21C7EB5E00CDCE70 /* PDFListItemObject_Spec.swift in Sources */ = {isa = PBXBuildFile; fileRef = D49CB33B21C7EB5D00CDCE70 /* PDFListItemObject_Spec.swift */; };
		D49CB39021C7EB5E00CDCE70 /* PDFListItemSymbol_Spec.swift in Sources */ = {isa = PBXBuildFile; fileRef = D49CB33C21C7EB5D00CDCE70 /* PDFListItemSymbol_Spec.swift */; };
		D49CB39121C7EB5E00CDCE70 /* PDFList+Equatable_Spec.swift in Sources */ = {isa = PBXBuildFile; fileRef = D49CB33D21C7EB5D00CDCE70 /* PDFList+Equatable_Spec.swift */; };
		D49CB39221C7EB5E00CDCE70 /* PDFList_Spec.swift in Sources */ = {isa = PBXBuildFile; fileRef = D49CB33E21C7EB5D00CDCE70 /* PDFList_Spec.swift */; };
		D49CB39321C7EB5E00CDCE70 /* PDFPageFormat+Layout_Spec.swift in Sources */ = {isa = PBXBuildFile; fileRef = D49CB34021C7EB5D00CDCE70 /* PDFPageFormat+Layout_Spec.swift */; };
		D49CB39421C7EB5E00CDCE70 /* PDFPageFormat_Spec.swift in Sources */ = {isa = PBXBuildFile; fileRef = D49CB34121C7EB5D00CDCE70 /* PDFPageFormat_Spec.swift */; };
		D49CB39521C7EB5E00CDCE70 /* PDFPageFormat+SizeConstants_Spec.swift in Sources */ = {isa = PBXBuildFile; fileRef = D49CB34221C7EB5D00CDCE70 /* PDFPageFormat+SizeConstants_Spec.swift */; };
		D49CB39621C7EB5E00CDCE70 /* PDFGenerator+Generation_Spec.swift in Sources */ = {isa = PBXBuildFile; fileRef = D49CB34321C7EB5E00CDCE70 /* PDFGenerator+Generation_Spec.swift */; };
		D49CB39721C7EB5E00CDCE70 /* PDFDocument+Objects_Spec.swift in Sources */ = {isa = PBXBuildFile; fileRef = D49CB34421C7EB5E00CDCE70 /* PDFDocument+Objects_Spec.swift */; };
		D49CB39821C7EB5E00CDCE70 /* PDFDocument_Spec.swift in Sources */ = {isa = PBXBuildFile; fileRef = D49CB34521C7EB5E00CDCE70 /* PDFDocument_Spec.swift */; };
		D4F8C11F1EF14C5000188F42 /* Icon.png in Resources */ = {isa = PBXBuildFile; fileRef = D4F8C1181EF14C5000188F42 /* Icon.png */; };
		D4F8C1201EF14C5000188F42 /* Image-1.jpg in Resources */ = {isa = PBXBuildFile; fileRef = D4F8C1191EF14C5000188F42 /* Image-1.jpg */; };
		D4F8C1211EF14C5000188F42 /* Image-2.jpg in Resources */ = {isa = PBXBuildFile; fileRef = D4F8C11A1EF14C5000188F42 /* Image-2.jpg */; };
		D4F8C1221EF14C5000188F42 /* Image-3.jpg in Resources */ = {isa = PBXBuildFile; fileRef = D4F8C11B1EF14C5000188F42 /* Image-3.jpg */; };
		D4F8C1231EF14C5000188F42 /* Image-4.jpg in Resources */ = {isa = PBXBuildFile; fileRef = D4F8C11C1EF14C5000188F42 /* Image-4.jpg */; };
		D4F8C1241EF14C5000188F42 /* Image.jpg in Resources */ = {isa = PBXBuildFile; fileRef = D4F8C11D1EF14C5000188F42 /* Image.jpg */; };
		D4F8C1251EF14C5000188F42 /* PortraitImage.jpg in Resources */ = {isa = PBXBuildFile; fileRef = D4F8C11E1EF14C5000188F42 /* PortraitImage.jpg */; };
/* End PBXBuildFile section */

/* Begin PBXContainerItemProxy section */
		D49CB2E221C7EAD200CDCE70 /* PBXContainerItemProxy */ = {
			isa = PBXContainerItemProxy;
			containerPortal = 607FACC81AFB9204008FA782 /* Project object */;
			proxyType = 1;
			remoteGlobalIDString = 607FACCF1AFB9204008FA782;
			remoteInfo = TPPDF_Example;
		};
/* End PBXContainerItemProxy section */

/* Begin PBXFileReference section */
		2B75F32C9A9E66C63E5F5500 /* Pods-TPPDF_Example.release.xcconfig */ = {isa = PBXFileReference; includeInIndex = 1; lastKnownFileType = text.xcconfig; name = "Pods-TPPDF_Example.release.xcconfig"; path = "Target Support Files/Pods-TPPDF_Example/Pods-TPPDF_Example.release.xcconfig"; sourceTree = "<group>"; };
		5B0B4ED60E5101E03D78D22A /* README.md */ = {isa = PBXFileReference; includeInIndex = 1; lastKnownFileType = net.daringfireball.markdown; lineEnding = 0; name = README.md; path = ../README.md; sourceTree = "<group>"; };
		5B33C61EC58DBAB629433DE7 /* LICENSE */ = {isa = PBXFileReference; includeInIndex = 1; lastKnownFileType = text; name = LICENSE; path = ../LICENSE; sourceTree = "<group>"; };
		607FACD01AFB9204008FA782 /* TPPDF_Example.app */ = {isa = PBXFileReference; explicitFileType = wrapper.application; includeInIndex = 0; path = TPPDF_Example.app; sourceTree = BUILT_PRODUCTS_DIR; };
		607FACD41AFB9204008FA782 /* Info.plist */ = {isa = PBXFileReference; lastKnownFileType = text.plist.xml; path = Info.plist; sourceTree = "<group>"; };
		607FACD51AFB9204008FA782 /* AppDelegate.swift */ = {isa = PBXFileReference; lastKnownFileType = sourcecode.swift; path = AppDelegate.swift; sourceTree = "<group>"; };
		607FACD71AFB9204008FA782 /* ViewController.swift */ = {isa = PBXFileReference; lastKnownFileType = sourcecode.swift; path = ViewController.swift; sourceTree = "<group>"; };
		607FACDA1AFB9204008FA782 /* Base */ = {isa = PBXFileReference; lastKnownFileType = file.storyboard; name = Base; path = Base.lproj/Main.storyboard; sourceTree = "<group>"; };
		607FACDC1AFB9204008FA782 /* Images.xcassets */ = {isa = PBXFileReference; lastKnownFileType = folder.assetcatalog; path = Images.xcassets; sourceTree = "<group>"; };
		607FACDF1AFB9204008FA782 /* Base */ = {isa = PBXFileReference; lastKnownFileType = file.xib; name = Base; path = Base.lproj/LaunchScreen.xib; sourceTree = "<group>"; };
		71E6F7818C0D4F3324578381 /* Pods_TPPDF_Example.framework */ = {isa = PBXFileReference; explicitFileType = wrapper.framework; includeInIndex = 0; path = Pods_TPPDF_Example.framework; sourceTree = BUILT_PRODUCTS_DIR; };
		795EE608FC6F693B5717A6AF /* Pods-TPPDF_Tests.release.xcconfig */ = {isa = PBXFileReference; includeInIndex = 1; lastKnownFileType = text.xcconfig; name = "Pods-TPPDF_Tests.release.xcconfig"; path = "Target Support Files/Pods-TPPDF_Tests/Pods-TPPDF_Tests.release.xcconfig"; sourceTree = "<group>"; };
		9662FCFA2AD4537FCA8E177E /* Pods_TPPDF_Tests.framework */ = {isa = PBXFileReference; explicitFileType = wrapper.framework; includeInIndex = 0; path = Pods_TPPDF_Tests.framework; sourceTree = BUILT_PRODUCTS_DIR; };
		9B32C9EC6C346E3B5A08F590 /* Pods-TPPDF_Tests.debug.xcconfig */ = {isa = PBXFileReference; includeInIndex = 1; lastKnownFileType = text.xcconfig; name = "Pods-TPPDF_Tests.debug.xcconfig"; path = "Target Support Files/Pods-TPPDF_Tests/Pods-TPPDF_Tests.debug.xcconfig"; sourceTree = "<group>"; };
		AA3ABE5E8B71837B45C4119F /* TPPDF.podspec */ = {isa = PBXFileReference; includeInIndex = 1; lastKnownFileType = text; name = TPPDF.podspec; path = ../TPPDF.podspec; sourceTree = "<group>"; };
		CC5FCFE25216F928F28FB6AB /* Pods-TPPDF_Example.debug.xcconfig */ = {isa = PBXFileReference; includeInIndex = 1; lastKnownFileType = text.xcconfig; name = "Pods-TPPDF_Example.debug.xcconfig"; path = "Target Support Files/Pods-TPPDF_Example/Pods-TPPDF_Example.debug.xcconfig"; sourceTree = "<group>"; };
		D40F12351FA8D9D100A95A26 /* .codebeatignore */ = {isa = PBXFileReference; lastKnownFileType = text; name = .codebeatignore; path = ../.codebeatignore; sourceTree = "<group>"; };
		D418D71E1EF16FA4009FAF56 /* CHANGELOG.md */ = {isa = PBXFileReference; lastKnownFileType = net.daringfireball.markdown; lineEnding = 0; name = CHANGELOG.md; path = ../CHANGELOG.md; sourceTree = "<group>"; xcLanguageSpecificationIdentifier = xcode.lang.markdown; };
		D418D71F1EF16FA4009FAF56 /* CODE_OF_CONDUCT.md */ = {isa = PBXFileReference; lastKnownFileType = net.daringfireball.markdown; name = CODE_OF_CONDUCT.md; path = ../CODE_OF_CONDUCT.md; sourceTree = "<group>"; };
		D44CF1851FB49C4700BEDD73 /* .slather.yml */ = {isa = PBXFileReference; lastKnownFileType = text; name = .slather.yml; path = ../.slather.yml; sourceTree = "<group>"; };
		D49CB2DD21C7EAD200CDCE70 /* TPPDF_Tests.xctest */ = {isa = PBXFileReference; explicitFileType = wrapper.cfbundle; includeInIndex = 0; path = TPPDF_Tests.xctest; sourceTree = BUILT_PRODUCTS_DIR; };
		D49CB2E121C7EAD200CDCE70 /* Info.plist */ = {isa = PBXFileReference; lastKnownFileType = text.plist.xml; path = Info.plist; sourceTree = "<group>"; };
		D49CB2E821C7EB5D00CDCE70 /* Int+RomanNumerals_Spec.swift */ = {isa = PBXFileReference; fileEncoding = 4; lastKnownFileType = sourcecode.swift; path = "Int+RomanNumerals_Spec.swift"; sourceTree = "<group>"; };
		D49CB2E921C7EB5D00CDCE70 /* PDFPagination_Equatable_Spec.swift */ = {isa = PBXFileReference; fileEncoding = 4; lastKnownFileType = sourcecode.swift; path = PDFPagination_Equatable_Spec.swift; sourceTree = "<group>"; };
		D49CB2EA21C7EB5D00CDCE70 /* PDFPagination_Closure_Spec.swift */ = {isa = PBXFileReference; fileEncoding = 4; lastKnownFileType = sourcecode.swift; path = PDFPagination_Closure_Spec.swift; sourceTree = "<group>"; };
		D49CB2EB21C7EB5D00CDCE70 /* PDFPaginationStyle_Spec.swift */ = {isa = PBXFileReference; fileEncoding = 4; lastKnownFileType = sourcecode.swift; path = PDFPaginationStyle_Spec.swift; sourceTree = "<group>"; };
		D49CB2EC21C7EB5D00CDCE70 /* PDFPagination_Spec.swift */ = {isa = PBXFileReference; fileEncoding = 4; lastKnownFileType = sourcecode.swift; path = PDFPagination_Spec.swift; sourceTree = "<group>"; };
		D49CB2ED21C7EB5D00CDCE70 /* PDFPaginationStyle+Equatable_Spec.swift */ = {isa = PBXFileReference; fileEncoding = 4; lastKnownFileType = sourcecode.swift; path = "PDFPaginationStyle+Equatable_Spec.swift"; sourceTree = "<group>"; };
		D49CB2EF21C7EB5D00CDCE70 /* PDFIndentationObject_Spec.swift */ = {isa = PBXFileReference; fileEncoding = 4; lastKnownFileType = sourcecode.swift; path = PDFIndentationObject_Spec.swift; sourceTree = "<group>"; };
		D49CB2F021C7EB5D00CDCE70 /* PDFPageBreakObject_Spec.swift */ = {isa = PBXFileReference; fileEncoding = 4; lastKnownFileType = sourcecode.swift; path = PDFPageBreakObject_Spec.swift; sourceTree = "<group>"; };
		D49CB2F121C7EB5D00CDCE70 /* PDFOffsetObject_Spec.swift */ = {isa = PBXFileReference; fileEncoding = 4; lastKnownFileType = sourcecode.swift; path = PDFOffsetObject_Spec.swift; sourceTree = "<group>"; };
		D49CB2F221C7EB5D00CDCE70 /* PDFPageLayout+Equatable_Spec.swift */ = {isa = PBXFileReference; fileEncoding = 4; lastKnownFileType = sourcecode.swift; path = "PDFPageLayout+Equatable_Spec.swift"; sourceTree = "<group>"; };
		D49CB2F321C7EB5D00CDCE70 /* PDFPageLayout_Spec.swift */ = {isa = PBXFileReference; fileEncoding = 4; lastKnownFileType = sourcecode.swift; path = PDFPageLayout_Spec.swift; sourceTree = "<group>"; };
		D49CB2F421C7EB5D00CDCE70 /* PDFSpaceObject_Spec.swift */ = {isa = PBXFileReference; fileEncoding = 4; lastKnownFileType = sourcecode.swift; path = PDFSpaceObject_Spec.swift; sourceTree = "<group>"; };
		D49CB2F521C7EB5D00CDCE70 /* PDFLayout+Equatable_Spec.swift */ = {isa = PBXFileReference; fileEncoding = 4; lastKnownFileType = sourcecode.swift; path = "PDFLayout+Equatable_Spec.swift"; sourceTree = "<group>"; };
		D49CB2F621C7EB5D00CDCE70 /* PDFLayoutIndentations_Spec.swift */ = {isa = PBXFileReference; fileEncoding = 4; lastKnownFileType = sourcecode.swift; path = PDFLayoutIndentations_Spec.swift; sourceTree = "<group>"; };
		D49CB2F721C7EB5D00CDCE70 /* PDFLayoutIndentations+Equatable_Spec.swift */ = {isa = PBXFileReference; fileEncoding = 4; lastKnownFileType = sourcecode.swift; path = "PDFLayoutIndentations+Equatable_Spec.swift"; sourceTree = "<group>"; };
		D49CB2F821C7EB5D00CDCE70 /* PDFContainer_Spec.swift */ = {isa = PBXFileReference; fileEncoding = 4; lastKnownFileType = sourcecode.swift; path = PDFContainer_Spec.swift; sourceTree = "<group>"; };
		D49CB2F921C7EB5D00CDCE70 /* PDFLayoutHeights_Spec.swift */ = {isa = PBXFileReference; fileEncoding = 4; lastKnownFileType = sourcecode.swift; path = PDFLayoutHeights_Spec.swift; sourceTree = "<group>"; };
		D49CB2FA21C7EB5D00CDCE70 /* PDFOffsetObject+Equatable_Spec.swift */ = {isa = PBXFileReference; fileEncoding = 4; lastKnownFileType = sourcecode.swift; path = "PDFOffsetObject+Equatable_Spec.swift"; sourceTree = "<group>"; };
		D49CB2FB21C7EB5D00CDCE70 /* PDFPageBreakObject+Equatable_Spec.swift */ = {isa = PBXFileReference; fileEncoding = 4; lastKnownFileType = sourcecode.swift; path = "PDFPageBreakObject+Equatable_Spec.swift"; sourceTree = "<group>"; };
		D49CB2FC21C7EB5D00CDCE70 /* PDFLayout_Spec.swift */ = {isa = PBXFileReference; fileEncoding = 4; lastKnownFileType = sourcecode.swift; path = PDFLayout_Spec.swift; sourceTree = "<group>"; };
		D49CB2FD21C7EB5D00CDCE70 /* PDFIndentationObject_Equatable_Spec.swift */ = {isa = PBXFileReference; fileEncoding = 4; lastKnownFileType = sourcecode.swift; path = PDFIndentationObject_Equatable_Spec.swift; sourceTree = "<group>"; };
		D49CB2FE21C7EB5D00CDCE70 /* PDFLayoutHeights+Equatable_Spec.swift */ = {isa = PBXFileReference; fileEncoding = 4; lastKnownFileType = sourcecode.swift; path = "PDFLayoutHeights+Equatable_Spec.swift"; sourceTree = "<group>"; };
		D49CB30021C7EB5D00CDCE70 /* CGPoint+Math_Spec.swift */ = {isa = PBXFileReference; fileEncoding = 4; lastKnownFileType = sourcecode.swift; path = "CGPoint+Math_Spec.swift"; sourceTree = "<group>"; };
		D49CB30221C7EB5D00CDCE70 /* PDFImageSizeFit_Spec.swift */ = {isa = PBXFileReference; fileEncoding = 4; lastKnownFileType = sourcecode.swift; path = PDFImageSizeFit_Spec.swift; sourceTree = "<group>"; };
		D49CB30321C7EB5D00CDCE70 /* PDFImage_Equatable_Spec.swift */ = {isa = PBXFileReference; fileEncoding = 4; lastKnownFileType = sourcecode.swift; path = PDFImage_Equatable_Spec.swift; sourceTree = "<group>"; };
		D49CB30421C7EB5D00CDCE70 /* PDFImage_Spec.swift */ = {isa = PBXFileReference; fileEncoding = 4; lastKnownFileType = sourcecode.swift; path = PDFImage_Spec.swift; sourceTree = "<group>"; };
		D49CB30621C7EB5D00CDCE70 /* PDFSimpleText_Spec.swift */ = {isa = PBXFileReference; fileEncoding = 4; lastKnownFileType = sourcecode.swift; path = PDFSimpleText_Spec.swift; sourceTree = "<group>"; };
		D49CB30721C7EB5D00CDCE70 /* PDFText_Spec.swift */ = {isa = PBXFileReference; fileEncoding = 4; lastKnownFileType = sourcecode.swift; path = PDFText_Spec.swift; sourceTree = "<group>"; };
		D49CB30821C7EB5D00CDCE70 /* PDFSimpleText+Equatable_Spec.swift */ = {isa = PBXFileReference; fileEncoding = 4; lastKnownFileType = sourcecode.swift; path = "PDFSimpleText+Equatable_Spec.swift"; sourceTree = "<group>"; };
		D49CB30921C7EB5D00CDCE70 /* PDFAttributedText_Spec.swift */ = {isa = PBXFileReference; fileEncoding = 4; lastKnownFileType = sourcecode.swift; path = PDFAttributedText_Spec.swift; sourceTree = "<group>"; };
		D49CB30A21C7EB5D00CDCE70 /* PDFTextColorObject_Spec.swift */ = {isa = PBXFileReference; fileEncoding = 4; lastKnownFileType = sourcecode.swift; path = PDFTextColorObject_Spec.swift; sourceTree = "<group>"; };
		D49CB30B21C7EB5D00CDCE70 /* PDFAttributedText+Equatable_Spec.swift */ = {isa = PBXFileReference; fileEncoding = 4; lastKnownFileType = sourcecode.swift; path = "PDFAttributedText+Equatable_Spec.swift"; sourceTree = "<group>"; };
		D49CB30C21C7EB5D00CDCE70 /* PDFFontObject_Spec.swift */ = {isa = PBXFileReference; fileEncoding = 4; lastKnownFileType = sourcecode.swift; path = PDFFontObject_Spec.swift; sourceTree = "<group>"; };
		D49CB30D21C7EB5D00CDCE70 /* PDFAttributedTextObject_Spec.swift */ = {isa = PBXFileReference; fileEncoding = 4; lastKnownFileType = sourcecode.swift; path = PDFAttributedTextObject_Spec.swift; sourceTree = "<group>"; };
		D49CB30E21C7EB5D00CDCE70 /* PDFGenerator+Layout_Spec.swift */ = {isa = PBXFileReference; fileEncoding = 4; lastKnownFileType = sourcecode.swift; path = "PDFGenerator+Layout_Spec.swift"; sourceTree = "<group>"; };
		D49CB31021C7EB5D00CDCE70 /* PDFJSONSerializable_Spec.swift */ = {isa = PBXFileReference; fileEncoding = 4; lastKnownFileType = sourcecode.swift; path = PDFJSONSerializable_Spec.swift; sourceTree = "<group>"; };
		D49CB31121C7EB5D00CDCE70 /* PDFJSONRepresentable_Spec.swift */ = {isa = PBXFileReference; fileEncoding = 4; lastKnownFileType = sourcecode.swift; path = PDFJSONRepresentable_Spec.swift; sourceTree = "<group>"; };
		D49CB31221C7EB5D00CDCE70 /* PDFGenerator_Spec.swift */ = {isa = PBXFileReference; fileEncoding = 4; lastKnownFileType = sourcecode.swift; path = PDFGenerator_Spec.swift; sourceTree = "<group>"; };
		D49CB31421C7EB5D00CDCE70 /* PDFInfo_Spec.swift */ = {isa = PBXFileReference; fileEncoding = 4; lastKnownFileType = sourcecode.swift; path = PDFInfo_Spec.swift; sourceTree = "<group>"; };
		D49CB31521C7EB5D00CDCE70 /* PDFInfo+Equatable_Spec.swift */ = {isa = PBXFileReference; fileEncoding = 4; lastKnownFileType = sourcecode.swift; path = "PDFInfo+Equatable_Spec.swift"; sourceTree = "<group>"; };
		D49CB31721C7EB5D00CDCE70 /* PDFLineSeparatorObject+Equatable_Spec.swift */ = {isa = PBXFileReference; fileEncoding = 4; lastKnownFileType = sourcecode.swift; path = "PDFLineSeparatorObject+Equatable_Spec.swift"; sourceTree = "<group>"; };
		D49CB31821C7EB5D00CDCE70 /* PDFLineType_Spec.swift */ = {isa = PBXFileReference; fileEncoding = 4; lastKnownFileType = sourcecode.swift; path = PDFLineType_Spec.swift; sourceTree = "<group>"; };
		D49CB31921C7EB5D00CDCE70 /* PDFLineStyle_Equatable_Spec.swift */ = {isa = PBXFileReference; fileEncoding = 4; lastKnownFileType = sourcecode.swift; path = PDFLineStyle_Equatable_Spec.swift; sourceTree = "<group>"; };
		D49CB31A21C7EB5D00CDCE70 /* PDFLineSeparatorObject_Spec.swift */ = {isa = PBXFileReference; fileEncoding = 4; lastKnownFileType = sourcecode.swift; path = PDFLineSeparatorObject_Spec.swift; sourceTree = "<group>"; };
		D49CB31B21C7EB5D00CDCE70 /* UIImage+CloseToEqual_Spec.swift */ = {isa = PBXFileReference; fileEncoding = 4; lastKnownFileType = sourcecode.swift; path = "UIImage+CloseToEqual_Spec.swift"; sourceTree = "<group>"; };
		D49CB31C21C7EB5D00CDCE70 /* PDFGraphics_Spec.swift */ = {isa = PBXFileReference; fileEncoding = 4; lastKnownFileType = sourcecode.swift; path = PDFGraphics_Spec.swift; sourceTree = "<group>"; };
		D49CB31D21C7EB5D00CDCE70 /* UIImage+Pixel_Spec.swift */ = {isa = PBXFileReference; fileEncoding = 4; lastKnownFileType = sourcecode.swift; path = "UIImage+Pixel_Spec.swift"; sourceTree = "<group>"; };
		D49CB31E21C7EB5D00CDCE70 /* PDFLineStyle_Spec.swift */ = {isa = PBXFileReference; fileEncoding = 4; lastKnownFileType = sourcecode.swift; path = PDFLineStyle_Spec.swift; sourceTree = "<group>"; };
		D49CB31F21C7EB5D00CDCE70 /* UIColor+Hex_Spec.swift */ = {isa = PBXFileReference; fileEncoding = 4; lastKnownFileType = sourcecode.swift; path = "UIColor+Hex_Spec.swift"; sourceTree = "<group>"; };
		D49CB32021C7EB5D00CDCE70 /* PDFGenerator+Debug_Spec.swift */ = {isa = PBXFileReference; fileEncoding = 4; lastKnownFileType = sourcecode.swift; path = "PDFGenerator+Debug_Spec.swift"; sourceTree = "<group>"; };
		D49CB32221C7EB5D00CDCE70 /* PDFCalculations_Spec.swift */ = {isa = PBXFileReference; fileEncoding = 4; lastKnownFileType = sourcecode.swift; path = PDFCalculations_Spec.swift; sourceTree = "<group>"; };
		D49CB32321C7EB5D00CDCE70 /* PDFObject_Spec.swift */ = {isa = PBXFileReference; fileEncoding = 4; lastKnownFileType = sourcecode.swift; path = PDFObject_Spec.swift; sourceTree = "<group>"; };
		D49CB32421C7EB5D00CDCE70 /* PDFError_Spec.swift */ = {isa = PBXFileReference; fileEncoding = 4; lastKnownFileType = sourcecode.swift; path = PDFError_Spec.swift; sourceTree = "<group>"; };
		D49CB32621C7EB5D00CDCE70 /* PDFTableCellPosition_Spec.swift */ = {isa = PBXFileReference; fileEncoding = 4; lastKnownFileType = sourcecode.swift; path = PDFTableCellPosition_Spec.swift; sourceTree = "<group>"; };
		D49CB32721C7EB5D00CDCE70 /* PDFTableStyle+Equatable_Spec.swift */ = {isa = PBXFileReference; fileEncoding = 4; lastKnownFileType = sourcecode.swift; path = "PDFTableStyle+Equatable_Spec.swift"; sourceTree = "<group>"; };
		D49CB32821C7EB5D00CDCE70 /* PDFTableCellStyle_Spec.swift */ = {isa = PBXFileReference; fileEncoding = 4; lastKnownFileType = sourcecode.swift; path = PDFTableCellStyle_Spec.swift; sourceTree = "<group>"; };
		D49CB32921C7EB5D00CDCE70 /* PDFTableValidator_Spec.swift */ = {isa = PBXFileReference; fileEncoding = 4; lastKnownFileType = sourcecode.swift; path = PDFTableValidator_Spec.swift; sourceTree = "<group>"; };
		D49CB32A21C7EB5D00CDCE70 /* PDFTableCellBorders+Equatable_Spec.swift */ = {isa = PBXFileReference; fileEncoding = 4; lastKnownFileType = sourcecode.swift; path = "PDFTableCellBorders+Equatable_Spec.swift"; sourceTree = "<group>"; };
		D49CB32B21C7EB5D00CDCE70 /* PDFTableCellStyle+Equatable_Spec.swift */ = {isa = PBXFileReference; fileEncoding = 4; lastKnownFileType = sourcecode.swift; path = "PDFTableCellStyle+Equatable_Spec.swift"; sourceTree = "<group>"; };
		D49CB32C21C7EB5D00CDCE70 /* PDFTableCellBorders_Spec.swift */ = {isa = PBXFileReference; fileEncoding = 4; lastKnownFileType = sourcecode.swift; path = PDFTableCellBorders_Spec.swift; sourceTree = "<group>"; };
		D49CB32D21C7EB5D00CDCE70 /* PDFTableCell_Spec.swift */ = {isa = PBXFileReference; fileEncoding = 4; lastKnownFileType = sourcecode.swift; path = PDFTableCell_Spec.swift; sourceTree = "<group>"; };
		D49CB32E21C7EB5D00CDCE70 /* PDFTable+Equatable_Spec.swift */ = {isa = PBXFileReference; fileEncoding = 4; lastKnownFileType = sourcecode.swift; path = "PDFTable+Equatable_Spec.swift"; sourceTree = "<group>"; };
		D49CB32F21C7EB5D00CDCE70 /* PDFTableCellAlignment_Spec.swift */ = {isa = PBXFileReference; fileEncoding = 4; lastKnownFileType = sourcecode.swift; path = PDFTableCellAlignment_Spec.swift; sourceTree = "<group>"; };
		D49CB33021C7EB5D00CDCE70 /* PDFTableContent_Spec.swift */ = {isa = PBXFileReference; fileEncoding = 4; lastKnownFileType = sourcecode.swift; path = PDFTableContent_Spec.swift; sourceTree = "<group>"; };
		D49CB33121C7EB5D00CDCE70 /* PDFTableStyle+Defaults_Spec.swift */ = {isa = PBXFileReference; fileEncoding = 4; lastKnownFileType = sourcecode.swift; path = "PDFTableStyle+Defaults_Spec.swift"; sourceTree = "<group>"; };
		D49CB33221C7EB5D00CDCE70 /* PDFTableCellPosition+Equatable_Spec.swift */ = {isa = PBXFileReference; fileEncoding = 4; lastKnownFileType = sourcecode.swift; path = "PDFTableCellPosition+Equatable_Spec.swift"; sourceTree = "<group>"; };
		D49CB33321C7EB5D00CDCE70 /* PDFTableStyle_Spec.swift */ = {isa = PBXFileReference; fileEncoding = 4; lastKnownFileType = sourcecode.swift; path = PDFTableStyle_Spec.swift; sourceTree = "<group>"; };
		D49CB33421C7EB5D00CDCE70 /* PDFTableCellPosition_Hashable_Spec.swift */ = {isa = PBXFileReference; fileEncoding = 4; lastKnownFileType = sourcecode.swift; path = PDFTableCellPosition_Hashable_Spec.swift; sourceTree = "<group>"; };
		D49CB33521C7EB5D00CDCE70 /* PDFTable_Spec.swift */ = {isa = PBXFileReference; fileEncoding = 4; lastKnownFileType = sourcecode.swift; path = PDFTable_Spec.swift; sourceTree = "<group>"; };
		D49CB33621C7EB5D00CDCE70 /* PDFTableContent+Equatable_Spec.swift */ = {isa = PBXFileReference; fileEncoding = 4; lastKnownFileType = sourcecode.swift; path = "PDFTableContent+Equatable_Spec.swift"; sourceTree = "<group>"; };
		D49CB33721C7EB5D00CDCE70 /* PDFTableCell+Equatable_Spec.swift */ = {isa = PBXFileReference; fileEncoding = 4; lastKnownFileType = sourcecode.swift; path = "PDFTableCell+Equatable_Spec.swift"; sourceTree = "<group>"; };
		D49CB33921C7EB5D00CDCE70 /* PDFListItem_Equatable_Spec.swift */ = {isa = PBXFileReference; fileEncoding = 4; lastKnownFileType = sourcecode.swift; path = PDFListItem_Equatable_Spec.swift; sourceTree = "<group>"; };
		D49CB33A21C7EB5D00CDCE70 /* PDFListItem_Spec.swift */ = {isa = PBXFileReference; fileEncoding = 4; lastKnownFileType = sourcecode.swift; path = PDFListItem_Spec.swift; sourceTree = "<group>"; };
		D49CB33B21C7EB5D00CDCE70 /* PDFListItemObject_Spec.swift */ = {isa = PBXFileReference; fileEncoding = 4; lastKnownFileType = sourcecode.swift; path = PDFListItemObject_Spec.swift; sourceTree = "<group>"; };
		D49CB33C21C7EB5D00CDCE70 /* PDFListItemSymbol_Spec.swift */ = {isa = PBXFileReference; fileEncoding = 4; lastKnownFileType = sourcecode.swift; path = PDFListItemSymbol_Spec.swift; sourceTree = "<group>"; };
		D49CB33D21C7EB5D00CDCE70 /* PDFList+Equatable_Spec.swift */ = {isa = PBXFileReference; fileEncoding = 4; lastKnownFileType = sourcecode.swift; path = "PDFList+Equatable_Spec.swift"; sourceTree = "<group>"; };
		D49CB33E21C7EB5D00CDCE70 /* PDFList_Spec.swift */ = {isa = PBXFileReference; fileEncoding = 4; lastKnownFileType = sourcecode.swift; path = PDFList_Spec.swift; sourceTree = "<group>"; };
		D49CB34021C7EB5D00CDCE70 /* PDFPageFormat+Layout_Spec.swift */ = {isa = PBXFileReference; fileEncoding = 4; lastKnownFileType = sourcecode.swift; path = "PDFPageFormat+Layout_Spec.swift"; sourceTree = "<group>"; };
		D49CB34121C7EB5D00CDCE70 /* PDFPageFormat_Spec.swift */ = {isa = PBXFileReference; fileEncoding = 4; lastKnownFileType = sourcecode.swift; path = PDFPageFormat_Spec.swift; sourceTree = "<group>"; };
		D49CB34221C7EB5D00CDCE70 /* PDFPageFormat+SizeConstants_Spec.swift */ = {isa = PBXFileReference; fileEncoding = 4; lastKnownFileType = sourcecode.swift; path = "PDFPageFormat+SizeConstants_Spec.swift"; sourceTree = "<group>"; };
		D49CB34321C7EB5E00CDCE70 /* PDFGenerator+Generation_Spec.swift */ = {isa = PBXFileReference; fileEncoding = 4; lastKnownFileType = sourcecode.swift; path = "PDFGenerator+Generation_Spec.swift"; sourceTree = "<group>"; };
		D49CB34421C7EB5E00CDCE70 /* PDFDocument+Objects_Spec.swift */ = {isa = PBXFileReference; fileEncoding = 4; lastKnownFileType = sourcecode.swift; path = "PDFDocument+Objects_Spec.swift"; sourceTree = "<group>"; };
		D49CB34521C7EB5E00CDCE70 /* PDFDocument_Spec.swift */ = {isa = PBXFileReference; fileEncoding = 4; lastKnownFileType = sourcecode.swift; path = PDFDocument_Spec.swift; sourceTree = "<group>"; };
		D4B97A2A1F94B8BC00F83D1F /* .swift-version */ = {isa = PBXFileReference; lastKnownFileType = text; name = ".swift-version"; path = "../.swift-version"; sourceTree = "<group>"; };
		D4B97A2B1F94B8BC00F83D1F /* .travis.yml */ = {isa = PBXFileReference; lastKnownFileType = text; name = .travis.yml; path = ../.travis.yml; sourceTree = "<group>"; };
		D4E6F9AA1FA7633D0049890F /* .jazzy.yaml */ = {isa = PBXFileReference; lastKnownFileType = text; name = .jazzy.yaml; path = ../.jazzy.yaml; sourceTree = "<group>"; };
		D4E6F9AC1FA765080049890F /* Gemfile */ = {isa = PBXFileReference; explicitFileType = text.script.ruby; name = Gemfile; path = ../Gemfile; sourceTree = "<group>"; };
		D4E6F9AE1FA76CBE0049890F /* .swiftlint.yml */ = {isa = PBXFileReference; lastKnownFileType = text; name = .swiftlint.yml; path = ../.swiftlint.yml; sourceTree = "<group>"; };
		D4F8C1181EF14C5000188F42 /* Icon.png */ = {isa = PBXFileReference; lastKnownFileType = image.png; path = Icon.png; sourceTree = "<group>"; };
		D4F8C1191EF14C5000188F42 /* Image-1.jpg */ = {isa = PBXFileReference; lastKnownFileType = image.jpeg; path = "Image-1.jpg"; sourceTree = "<group>"; };
		D4F8C11A1EF14C5000188F42 /* Image-2.jpg */ = {isa = PBXFileReference; lastKnownFileType = image.jpeg; path = "Image-2.jpg"; sourceTree = "<group>"; };
		D4F8C11B1EF14C5000188F42 /* Image-3.jpg */ = {isa = PBXFileReference; lastKnownFileType = image.jpeg; path = "Image-3.jpg"; sourceTree = "<group>"; };
		D4F8C11C1EF14C5000188F42 /* Image-4.jpg */ = {isa = PBXFileReference; lastKnownFileType = image.jpeg; path = "Image-4.jpg"; sourceTree = "<group>"; };
		D4F8C11D1EF14C5000188F42 /* Image.jpg */ = {isa = PBXFileReference; lastKnownFileType = image.jpeg; path = Image.jpg; sourceTree = "<group>"; };
		D4F8C11E1EF14C5000188F42 /* PortraitImage.jpg */ = {isa = PBXFileReference; lastKnownFileType = image.jpeg; path = PortraitImage.jpg; sourceTree = "<group>"; };
/* End PBXFileReference section */

/* Begin PBXFrameworksBuildPhase section */
		607FACCD1AFB9204008FA782 /* Frameworks */ = {
			isa = PBXFrameworksBuildPhase;
			buildActionMask = 2147483647;
			files = (
				CCB8EF8235467C63EC21A3FF /* Pods_TPPDF_Example.framework in Frameworks */,
			);
			runOnlyForDeploymentPostprocessing = 0;
		};
		D49CB2DA21C7EAD200CDCE70 /* Frameworks */ = {
			isa = PBXFrameworksBuildPhase;
			buildActionMask = 2147483647;
			files = (
				208098D858356668EEB2ACFB /* Pods_TPPDF_Tests.framework in Frameworks */,
			);
			runOnlyForDeploymentPostprocessing = 0;
		};
/* End PBXFrameworksBuildPhase section */

/* Begin PBXGroup section */
		45BD71A4B0BC950D544D5F19 /* Pods */ = {
			isa = PBXGroup;
			children = (
				CC5FCFE25216F928F28FB6AB /* Pods-TPPDF_Example.debug.xcconfig */,
				2B75F32C9A9E66C63E5F5500 /* Pods-TPPDF_Example.release.xcconfig */,
				9B32C9EC6C346E3B5A08F590 /* Pods-TPPDF_Tests.debug.xcconfig */,
				795EE608FC6F693B5717A6AF /* Pods-TPPDF_Tests.release.xcconfig */,
			);
			name = Pods;
			path = Pods;
			sourceTree = "<group>";
		};
		607FACC71AFB9204008FA782 = {
			isa = PBXGroup;
			children = (
				607FACF51AFB993E008FA782 /* Podspec Metadata */,
				607FACD21AFB9204008FA782 /* Example for TPPDF */,
				D49CB2DE21C7EAD200CDCE70 /* TPPDF_Tests */,
				607FACD11AFB9204008FA782 /* Products */,
				45BD71A4B0BC950D544D5F19 /* Pods */,
				C29EF7C898DDD3A3CDFFC137 /* Frameworks */,
			);
			sourceTree = "<group>";
		};
		607FACD11AFB9204008FA782 /* Products */ = {
			isa = PBXGroup;
			children = (
				607FACD01AFB9204008FA782 /* TPPDF_Example.app */,
				D49CB2DD21C7EAD200CDCE70 /* TPPDF_Tests.xctest */,
			);
			name = Products;
			sourceTree = "<group>";
		};
		607FACD21AFB9204008FA782 /* Example for TPPDF */ = {
			isa = PBXGroup;
			children = (
				607FACD51AFB9204008FA782 /* AppDelegate.swift */,
				607FACD71AFB9204008FA782 /* ViewController.swift */,
				607FACD91AFB9204008FA782 /* Main.storyboard */,
				607FACDC1AFB9204008FA782 /* Images.xcassets */,
				607FACDE1AFB9204008FA782 /* LaunchScreen.xib */,
				D4F8C1171EF14C5000188F42 /* Images */,
				607FACD31AFB9204008FA782 /* Supporting Files */,
			);
			name = "Example for TPPDF";
			path = TPPDF;
			sourceTree = "<group>";
		};
		607FACD31AFB9204008FA782 /* Supporting Files */ = {
			isa = PBXGroup;
			children = (
				607FACD41AFB9204008FA782 /* Info.plist */,
			);
			name = "Supporting Files";
			sourceTree = "<group>";
		};
		607FACF51AFB993E008FA782 /* Podspec Metadata */ = {
			isa = PBXGroup;
			children = (
				D4B97A2A1F94B8BC00F83D1F /* .swift-version */,
				D4E6F9AC1FA765080049890F /* Gemfile */,
				5B33C61EC58DBAB629433DE7 /* LICENSE */,
				D418D71E1EF16FA4009FAF56 /* CHANGELOG.md */,
				D418D71F1EF16FA4009FAF56 /* CODE_OF_CONDUCT.md */,
				5B0B4ED60E5101E03D78D22A /* README.md */,
				AA3ABE5E8B71837B45C4119F /* TPPDF.podspec */,
				D44CF1851FB49C4700BEDD73 /* .slather.yml */,
				D4E6F9AA1FA7633D0049890F /* .jazzy.yaml */,
				D4E6F9AE1FA76CBE0049890F /* .swiftlint.yml */,
				D4B97A2B1F94B8BC00F83D1F /* .travis.yml */,
				D40F12351FA8D9D100A95A26 /* .codebeatignore */,
			);
			name = "Podspec Metadata";
			sourceTree = "<group>";
		};
		C29EF7C898DDD3A3CDFFC137 /* Frameworks */ = {
			isa = PBXGroup;
			children = (
				71E6F7818C0D4F3324578381 /* Pods_TPPDF_Example.framework */,
				9662FCFA2AD4537FCA8E177E /* Pods_TPPDF_Tests.framework */,
			);
			name = Frameworks;
			sourceTree = "<group>";
		};
		D49CB2DE21C7EAD200CDCE70 /* TPPDF_Tests */ = {
			isa = PBXGroup;
			children = (
				D49CB31621C7EB5D00CDCE70 /* Graphics */,
				D49CB30121C7EB5D00CDCE70 /* Image */,
				D49CB30F21C7EB5D00CDCE70 /* JSON */,
				D49CB2EE21C7EB5D00CDCE70 /* Layout */,
				D49CB33821C7EB5D00CDCE70 /* List */,
				D49CB2FF21C7EB5D00CDCE70 /* Math */,
				D49CB31321C7EB5D00CDCE70 /* Metadata */,
				D49CB33F21C7EB5D00CDCE70 /* Page Format */,
				D49CB2E721C7EB5D00CDCE70 /* Pagination */,
				D49CB34521C7EB5E00CDCE70 /* PDFDocument_Spec.swift */,
				D49CB34421C7EB5E00CDCE70 /* PDFDocument+Objects_Spec.swift */,
				D49CB31221C7EB5D00CDCE70 /* PDFGenerator_Spec.swift */,
				D49CB32021C7EB5D00CDCE70 /* PDFGenerator+Debug_Spec.swift */,
				D49CB34321C7EB5E00CDCE70 /* PDFGenerator+Generation_Spec.swift */,
				D49CB30E21C7EB5D00CDCE70 /* PDFGenerator+Layout_Spec.swift */,
				D49CB32521C7EB5D00CDCE70 /* Table */,
				D49CB30521C7EB5D00CDCE70 /* Text */,
				D49CB32121C7EB5D00CDCE70 /* Utils */,
				D49CB2E121C7EAD200CDCE70 /* Info.plist */,
			);
			path = TPPDF_Tests;
			sourceTree = "<group>";
		};
		D49CB2E721C7EB5D00CDCE70 /* Pagination */ = {
			isa = PBXGroup;
			children = (
				D49CB2E821C7EB5D00CDCE70 /* Int+RomanNumerals_Spec.swift */,
				D49CB2E921C7EB5D00CDCE70 /* PDFPagination_Equatable_Spec.swift */,
				D49CB2EA21C7EB5D00CDCE70 /* PDFPagination_Closure_Spec.swift */,
				D49CB2EB21C7EB5D00CDCE70 /* PDFPaginationStyle_Spec.swift */,
				D49CB2EC21C7EB5D00CDCE70 /* PDFPagination_Spec.swift */,
				D49CB2ED21C7EB5D00CDCE70 /* PDFPaginationStyle+Equatable_Spec.swift */,
			);
			path = Pagination;
			sourceTree = "<group>";
		};
		D49CB2EE21C7EB5D00CDCE70 /* Layout */ = {
			isa = PBXGroup;
			children = (
				D49CB2EF21C7EB5D00CDCE70 /* PDFIndentationObject_Spec.swift */,
				D49CB2F021C7EB5D00CDCE70 /* PDFPageBreakObject_Spec.swift */,
				D49CB2F121C7EB5D00CDCE70 /* PDFOffsetObject_Spec.swift */,
				D49CB2F221C7EB5D00CDCE70 /* PDFPageLayout+Equatable_Spec.swift */,
				D49CB2F321C7EB5D00CDCE70 /* PDFPageLayout_Spec.swift */,
				D49CB2F421C7EB5D00CDCE70 /* PDFSpaceObject_Spec.swift */,
				D49CB2F521C7EB5D00CDCE70 /* PDFLayout+Equatable_Spec.swift */,
				D49CB2F621C7EB5D00CDCE70 /* PDFLayoutIndentations_Spec.swift */,
				D49CB2F721C7EB5D00CDCE70 /* PDFLayoutIndentations+Equatable_Spec.swift */,
				D49CB2F821C7EB5D00CDCE70 /* PDFContainer_Spec.swift */,
				D49CB2F921C7EB5D00CDCE70 /* PDFLayoutHeights_Spec.swift */,
				D49CB2FA21C7EB5D00CDCE70 /* PDFOffsetObject+Equatable_Spec.swift */,
				D49CB2FB21C7EB5D00CDCE70 /* PDFPageBreakObject+Equatable_Spec.swift */,
				D49CB2FC21C7EB5D00CDCE70 /* PDFLayout_Spec.swift */,
				D49CB2FD21C7EB5D00CDCE70 /* PDFIndentationObject_Equatable_Spec.swift */,
				D49CB2FE21C7EB5D00CDCE70 /* PDFLayoutHeights+Equatable_Spec.swift */,
			);
			path = Layout;
			sourceTree = "<group>";
		};
		D49CB2FF21C7EB5D00CDCE70 /* Math */ = {
			isa = PBXGroup;
			children = (
				D49CB30021C7EB5D00CDCE70 /* CGPoint+Math_Spec.swift */,
			);
			path = Math;
			sourceTree = "<group>";
		};
		D49CB30121C7EB5D00CDCE70 /* Image */ = {
			isa = PBXGroup;
			children = (
				D49CB30221C7EB5D00CDCE70 /* PDFImageSizeFit_Spec.swift */,
				D49CB30321C7EB5D00CDCE70 /* PDFImage_Equatable_Spec.swift */,
				D49CB30421C7EB5D00CDCE70 /* PDFImage_Spec.swift */,
			);
			path = Image;
			sourceTree = "<group>";
		};
		D49CB30521C7EB5D00CDCE70 /* Text */ = {
			isa = PBXGroup;
			children = (
				D49CB30621C7EB5D00CDCE70 /* PDFSimpleText_Spec.swift */,
				D49CB30721C7EB5D00CDCE70 /* PDFText_Spec.swift */,
				D49CB30821C7EB5D00CDCE70 /* PDFSimpleText+Equatable_Spec.swift */,
				D49CB30921C7EB5D00CDCE70 /* PDFAttributedText_Spec.swift */,
				D49CB30A21C7EB5D00CDCE70 /* PDFTextColorObject_Spec.swift */,
				D49CB30B21C7EB5D00CDCE70 /* PDFAttributedText+Equatable_Spec.swift */,
				D49CB30C21C7EB5D00CDCE70 /* PDFFontObject_Spec.swift */,
				D49CB30D21C7EB5D00CDCE70 /* PDFAttributedTextObject_Spec.swift */,
			);
			path = Text;
			sourceTree = "<group>";
		};
		D49CB30F21C7EB5D00CDCE70 /* JSON */ = {
			isa = PBXGroup;
			children = (
				D49CB31021C7EB5D00CDCE70 /* PDFJSONSerializable_Spec.swift */,
				D49CB31121C7EB5D00CDCE70 /* PDFJSONRepresentable_Spec.swift */,
			);
			path = JSON;
			sourceTree = "<group>";
		};
		D49CB31321C7EB5D00CDCE70 /* Metadata */ = {
			isa = PBXGroup;
			children = (
				D49CB31421C7EB5D00CDCE70 /* PDFInfo_Spec.swift */,
				D49CB31521C7EB5D00CDCE70 /* PDFInfo+Equatable_Spec.swift */,
			);
			path = Metadata;
			sourceTree = "<group>";
		};
		D49CB31621C7EB5D00CDCE70 /* Graphics */ = {
			isa = PBXGroup;
			children = (
				D49CB31721C7EB5D00CDCE70 /* PDFLineSeparatorObject+Equatable_Spec.swift */,
				D49CB31821C7EB5D00CDCE70 /* PDFLineType_Spec.swift */,
				D49CB31921C7EB5D00CDCE70 /* PDFLineStyle_Equatable_Spec.swift */,
				D49CB31A21C7EB5D00CDCE70 /* PDFLineSeparatorObject_Spec.swift */,
				D49CB31B21C7EB5D00CDCE70 /* UIImage+CloseToEqual_Spec.swift */,
				D49CB31C21C7EB5D00CDCE70 /* PDFGraphics_Spec.swift */,
				D49CB31D21C7EB5D00CDCE70 /* UIImage+Pixel_Spec.swift */,
				D49CB31E21C7EB5D00CDCE70 /* PDFLineStyle_Spec.swift */,
				D49CB31F21C7EB5D00CDCE70 /* UIColor+Hex_Spec.swift */,
			);
			path = Graphics;
			sourceTree = "<group>";
		};
		D49CB32121C7EB5D00CDCE70 /* Utils */ = {
			isa = PBXGroup;
			children = (
				D49CB32221C7EB5D00CDCE70 /* PDFCalculations_Spec.swift */,
				D49CB32321C7EB5D00CDCE70 /* PDFObject_Spec.swift */,
				D49CB32421C7EB5D00CDCE70 /* PDFError_Spec.swift */,
			);
			path = Utils;
			sourceTree = "<group>";
		};
		D49CB32521C7EB5D00CDCE70 /* Table */ = {
			isa = PBXGroup;
			children = (
				D49CB32621C7EB5D00CDCE70 /* PDFTableCellPosition_Spec.swift */,
				D49CB32721C7EB5D00CDCE70 /* PDFTableStyle+Equatable_Spec.swift */,
				D49CB32821C7EB5D00CDCE70 /* PDFTableCellStyle_Spec.swift */,
				D49CB32921C7EB5D00CDCE70 /* PDFTableValidator_Spec.swift */,
				D49CB32A21C7EB5D00CDCE70 /* PDFTableCellBorders+Equatable_Spec.swift */,
				D49CB32B21C7EB5D00CDCE70 /* PDFTableCellStyle+Equatable_Spec.swift */,
				D49CB32C21C7EB5D00CDCE70 /* PDFTableCellBorders_Spec.swift */,
				D49CB32D21C7EB5D00CDCE70 /* PDFTableCell_Spec.swift */,
				D49CB32E21C7EB5D00CDCE70 /* PDFTable+Equatable_Spec.swift */,
				D49CB32F21C7EB5D00CDCE70 /* PDFTableCellAlignment_Spec.swift */,
				D49CB33021C7EB5D00CDCE70 /* PDFTableContent_Spec.swift */,
				D49CB33121C7EB5D00CDCE70 /* PDFTableStyle+Defaults_Spec.swift */,
				D49CB33221C7EB5D00CDCE70 /* PDFTableCellPosition+Equatable_Spec.swift */,
				D49CB33321C7EB5D00CDCE70 /* PDFTableStyle_Spec.swift */,
				D49CB33421C7EB5D00CDCE70 /* PDFTableCellPosition_Hashable_Spec.swift */,
				D49CB33521C7EB5D00CDCE70 /* PDFTable_Spec.swift */,
				D49CB33621C7EB5D00CDCE70 /* PDFTableContent+Equatable_Spec.swift */,
				D49CB33721C7EB5D00CDCE70 /* PDFTableCell+Equatable_Spec.swift */,
			);
			path = Table;
			sourceTree = "<group>";
		};
		D49CB33821C7EB5D00CDCE70 /* List */ = {
			isa = PBXGroup;
			children = (
				D49CB33921C7EB5D00CDCE70 /* PDFListItem_Equatable_Spec.swift */,
				D49CB33A21C7EB5D00CDCE70 /* PDFListItem_Spec.swift */,
				D49CB33B21C7EB5D00CDCE70 /* PDFListItemObject_Spec.swift */,
				D49CB33C21C7EB5D00CDCE70 /* PDFListItemSymbol_Spec.swift */,
				D49CB33D21C7EB5D00CDCE70 /* PDFList+Equatable_Spec.swift */,
				D49CB33E21C7EB5D00CDCE70 /* PDFList_Spec.swift */,
			);
			path = List;
			sourceTree = "<group>";
		};
		D49CB33F21C7EB5D00CDCE70 /* Page Format */ = {
			isa = PBXGroup;
			children = (
				D49CB34021C7EB5D00CDCE70 /* PDFPageFormat+Layout_Spec.swift */,
				D49CB34121C7EB5D00CDCE70 /* PDFPageFormat_Spec.swift */,
				D49CB34221C7EB5D00CDCE70 /* PDFPageFormat+SizeConstants_Spec.swift */,
			);
			path = "Page Format";
			sourceTree = "<group>";
		};
		D4F8C1171EF14C5000188F42 /* Images */ = {
			isa = PBXGroup;
			children = (
				D4F8C1181EF14C5000188F42 /* Icon.png */,
				D4F8C1191EF14C5000188F42 /* Image-1.jpg */,
				D4F8C11A1EF14C5000188F42 /* Image-2.jpg */,
				D4F8C11B1EF14C5000188F42 /* Image-3.jpg */,
				D4F8C11C1EF14C5000188F42 /* Image-4.jpg */,
				D4F8C11D1EF14C5000188F42 /* Image.jpg */,
				D4F8C11E1EF14C5000188F42 /* PortraitImage.jpg */,
			);
			path = Images;
			sourceTree = "<group>";
		};
/* End PBXGroup section */

/* Begin PBXNativeTarget section */
		607FACCF1AFB9204008FA782 /* TPPDF_Example */ = {
			isa = PBXNativeTarget;
			buildConfigurationList = 607FACEF1AFB9204008FA782 /* Build configuration list for PBXNativeTarget "TPPDF_Example" */;
			buildPhases = (
				DA1EFEED5EEDED220B0B05A2 /* [CP] Check Pods Manifest.lock */,
				607FACCC1AFB9204008FA782 /* Sources */,
				D4E6F9A21FA732720049890F /* Swift Lint */,
				607FACCD1AFB9204008FA782 /* Frameworks */,
				607FACCE1AFB9204008FA782 /* Resources */,
				CB62D5463EBB1D262D331EB4 /* [CP] Embed Pods Frameworks */,
			);
			buildRules = (
			);
			dependencies = (
			);
			name = TPPDF_Example;
			productName = TPPDF;
			productReference = 607FACD01AFB9204008FA782 /* TPPDF_Example.app */;
			productType = "com.apple.product-type.application";
		};
		D49CB2DC21C7EAD200CDCE70 /* TPPDF_Tests */ = {
			isa = PBXNativeTarget;
			buildConfigurationList = D49CB2E421C7EAD200CDCE70 /* Build configuration list for PBXNativeTarget "TPPDF_Tests" */;
			buildPhases = (
				9A035024CE5C0795F9C1ECA5 /* [CP] Check Pods Manifest.lock */,
				D49CB2D921C7EAD200CDCE70 /* Sources */,
				D49CB2DA21C7EAD200CDCE70 /* Frameworks */,
				D49CB2DB21C7EAD200CDCE70 /* Resources */,
				53FE0092942811BE0D7D0E12 /* [CP] Embed Pods Frameworks */,
			);
			buildRules = (
			);
			dependencies = (
				D49CB2E321C7EAD200CDCE70 /* PBXTargetDependency */,
			);
			name = TPPDF_Tests;
			productName = TPPDF_Tests;
			productReference = D49CB2DD21C7EAD200CDCE70 /* TPPDF_Tests.xctest */;
			productType = "com.apple.product-type.bundle.unit-test";
		};
/* End PBXNativeTarget section */

/* Begin PBXProject section */
		607FACC81AFB9204008FA782 /* Project object */ = {
			isa = PBXProject;
			attributes = {
				LastSwiftUpdateCheck = 1010;
				LastUpgradeCheck = 1020;
				ORGANIZATIONNAME = "techprimate GmbH & Co. KG";
				TargetAttributes = {
					607FACCF1AFB9204008FA782 = {
						CreatedOnToolsVersion = 6.3.1;
						LastSwiftMigration = 1020;
						ProvisioningStyle = Manual;
					};
					D49CB2DC21C7EAD200CDCE70 = {
						CreatedOnToolsVersion = 10.1;
						DevelopmentTeam = 8REJWL5T8N;
						LastSwiftMigration = 1020;
						ProvisioningStyle = Automatic;
						TestTargetID = 607FACCF1AFB9204008FA782;
					};
				};
			};
			buildConfigurationList = 607FACCB1AFB9204008FA782 /* Build configuration list for PBXProject "TPPDF" */;
			compatibilityVersion = "Xcode 3.2";
			developmentRegion = English;
			hasScannedForEncodings = 0;
			knownRegions = (
				English,
				en,
				Base,
			);
			mainGroup = 607FACC71AFB9204008FA782;
			productRefGroup = 607FACD11AFB9204008FA782 /* Products */;
			projectDirPath = "";
			projectRoot = "";
			targets = (
				607FACCF1AFB9204008FA782 /* TPPDF_Example */,
				D49CB2DC21C7EAD200CDCE70 /* TPPDF_Tests */,
			);
		};
/* End PBXProject section */

/* Begin PBXResourcesBuildPhase section */
		607FACCE1AFB9204008FA782 /* Resources */ = {
			isa = PBXResourcesBuildPhase;
			buildActionMask = 2147483647;
			files = (
				D4F8C1211EF14C5000188F42 /* Image-2.jpg in Resources */,
				607FACDB1AFB9204008FA782 /* Main.storyboard in Resources */,
				607FACE01AFB9204008FA782 /* LaunchScreen.xib in Resources */,
				D4F8C1231EF14C5000188F42 /* Image-4.jpg in Resources */,
				607FACDD1AFB9204008FA782 /* Images.xcassets in Resources */,
				D4F8C1201EF14C5000188F42 /* Image-1.jpg in Resources */,
				D4F8C1251EF14C5000188F42 /* PortraitImage.jpg in Resources */,
				D4F8C1241EF14C5000188F42 /* Image.jpg in Resources */,
				D4F8C11F1EF14C5000188F42 /* Icon.png in Resources */,
				D4F8C1221EF14C5000188F42 /* Image-3.jpg in Resources */,
			);
			runOnlyForDeploymentPostprocessing = 0;
		};
		D49CB2DB21C7EAD200CDCE70 /* Resources */ = {
			isa = PBXResourcesBuildPhase;
			buildActionMask = 2147483647;
			files = (
			);
			runOnlyForDeploymentPostprocessing = 0;
		};
/* End PBXResourcesBuildPhase section */

/* Begin PBXShellScriptBuildPhase section */
		53FE0092942811BE0D7D0E12 /* [CP] Embed Pods Frameworks */ = {
			isa = PBXShellScriptBuildPhase;
			buildActionMask = 2147483647;
			files = (
			);
			inputPaths = (
				"${PODS_ROOT}/Target Support Files/Pods-TPPDF_Tests/Pods-TPPDF_Tests-frameworks.sh",
				"${BUILT_PRODUCTS_DIR}/Nimble/Nimble.framework",
				"${BUILT_PRODUCTS_DIR}/Quick/Quick.framework",
			);
			name = "[CP] Embed Pods Frameworks";
			outputPaths = (
				"${TARGET_BUILD_DIR}/${FRAMEWORKS_FOLDER_PATH}/Nimble.framework",
				"${TARGET_BUILD_DIR}/${FRAMEWORKS_FOLDER_PATH}/Quick.framework",
			);
			runOnlyForDeploymentPostprocessing = 0;
			shellPath = /bin/sh;
			shellScript = "\"${PODS_ROOT}/Target Support Files/Pods-TPPDF_Tests/Pods-TPPDF_Tests-frameworks.sh\"\n";
			showEnvVarsInLog = 0;
		};
		9A035024CE5C0795F9C1ECA5 /* [CP] Check Pods Manifest.lock */ = {
			isa = PBXShellScriptBuildPhase;
			buildActionMask = 2147483647;
			files = (
			);
			inputFileListPaths = (
			);
			inputPaths = (
				"${PODS_PODFILE_DIR_PATH}/Podfile.lock",
				"${PODS_ROOT}/Manifest.lock",
			);
			name = "[CP] Check Pods Manifest.lock";
			outputFileListPaths = (
			);
			outputPaths = (
				"$(DERIVED_FILE_DIR)/Pods-TPPDF_Tests-checkManifestLockResult.txt",
			);
			runOnlyForDeploymentPostprocessing = 0;
			shellPath = /bin/sh;
			shellScript = "diff \"${PODS_PODFILE_DIR_PATH}/Podfile.lock\" \"${PODS_ROOT}/Manifest.lock\" > /dev/null\nif [ $? != 0 ] ; then\n    # print error to STDERR\n    echo \"error: The sandbox is not in sync with the Podfile.lock. Run 'pod install' or update your CocoaPods installation.\" >&2\n    exit 1\nfi\n# This output is used by Xcode 'outputs' to avoid re-running this script phase.\necho \"SUCCESS\" > \"${SCRIPT_OUTPUT_FILE_0}\"\n";
			showEnvVarsInLog = 0;
		};
		CB62D5463EBB1D262D331EB4 /* [CP] Embed Pods Frameworks */ = {
			isa = PBXShellScriptBuildPhase;
			buildActionMask = 2147483647;
			files = (
			);
			inputPaths = (
				"${PODS_ROOT}/Target Support Files/Pods-TPPDF_Example/Pods-TPPDF_Example-frameworks.sh",
				"${BUILT_PRODUCTS_DIR}/TPPDF/TPPDF.framework",
			);
			name = "[CP] Embed Pods Frameworks";
			outputPaths = (
				"${TARGET_BUILD_DIR}/${FRAMEWORKS_FOLDER_PATH}/TPPDF.framework",
			);
			runOnlyForDeploymentPostprocessing = 0;
			shellPath = /bin/sh;
			shellScript = "\"${PODS_ROOT}/Target Support Files/Pods-TPPDF_Example/Pods-TPPDF_Example-frameworks.sh\"\n";
			showEnvVarsInLog = 0;
		};
		D4E6F9A21FA732720049890F /* Swift Lint */ = {
			isa = PBXShellScriptBuildPhase;
			buildActionMask = 2147483647;
			files = (
			);
			inputPaths = (
			);
			name = "Swift Lint";
			outputPaths = (
			);
			runOnlyForDeploymentPostprocessing = 0;
			shellPath = /bin/sh;
			shellScript = "echo \"info: Looking for SwiftLint in Pods folder: \" ${PODS_ROOT}\n\nif which swiftlint >/dev/null; then\n   \"${PODS_ROOT}/SwiftLint/swiftlint\" --config ../.swiftlint.yml\nelse\n   echo \"warning: SwiftLint not installed, download from https://github.com/realm/SwiftLint\"\nfi";
		};
		DA1EFEED5EEDED220B0B05A2 /* [CP] Check Pods Manifest.lock */ = {
			isa = PBXShellScriptBuildPhase;
			buildActionMask = 2147483647;
			files = (
			);
			inputFileListPaths = (
			);
			inputPaths = (
				"${PODS_PODFILE_DIR_PATH}/Podfile.lock",
				"${PODS_ROOT}/Manifest.lock",
			);
			name = "[CP] Check Pods Manifest.lock";
			outputFileListPaths = (
			);
			outputPaths = (
				"$(DERIVED_FILE_DIR)/Pods-TPPDF_Example-checkManifestLockResult.txt",
			);
			runOnlyForDeploymentPostprocessing = 0;
			shellPath = /bin/sh;
			shellScript = "diff \"${PODS_PODFILE_DIR_PATH}/Podfile.lock\" \"${PODS_ROOT}/Manifest.lock\" > /dev/null\nif [ $? != 0 ] ; then\n    # print error to STDERR\n    echo \"error: The sandbox is not in sync with the Podfile.lock. Run 'pod install' or update your CocoaPods installation.\" >&2\n    exit 1\nfi\n# This output is used by Xcode 'outputs' to avoid re-running this script phase.\necho \"SUCCESS\" > \"${SCRIPT_OUTPUT_FILE_0}\"\n";
			showEnvVarsInLog = 0;
		};
/* End PBXShellScriptBuildPhase section */

/* Begin PBXSourcesBuildPhase section */
		607FACCC1AFB9204008FA782 /* Sources */ = {
			isa = PBXSourcesBuildPhase;
			buildActionMask = 2147483647;
			files = (
				607FACD81AFB9204008FA782 /* ViewController.swift in Sources */,
				607FACD61AFB9204008FA782 /* AppDelegate.swift in Sources */,
			);
			runOnlyForDeploymentPostprocessing = 0;
		};
		D49CB2D921C7EAD200CDCE70 /* Sources */ = {
			isa = PBXSourcesBuildPhase;
			buildActionMask = 2147483647;
			files = (
				D49CB36421C7EB5E00CDCE70 /* PDFTextColorObject_Spec.swift in Sources */,
				D49CB39221C7EB5E00CDCE70 /* PDFList_Spec.swift in Sources */,
				D49CB37E21C7EB5E00CDCE70 /* PDFTableValidator_Spec.swift in Sources */,
				D49CB36F21C7EB5E00CDCE70 /* PDFLineType_Spec.swift in Sources */,
				D49CB38C21C7EB5E00CDCE70 /* PDFTableCell+Equatable_Spec.swift in Sources */,
				D49CB38821C7EB5E00CDCE70 /* PDFTableStyle_Spec.swift in Sources */,
				D49CB36521C7EB5E00CDCE70 /* PDFAttributedText+Equatable_Spec.swift in Sources */,
				D49CB37621C7EB5E00CDCE70 /* UIColor+Hex_Spec.swift in Sources */,
				D49CB36921C7EB5E00CDCE70 /* PDFJSONSerializable_Spec.swift in Sources */,
				D49CB35321C7EB5E00CDCE70 /* PDFLayoutIndentations_Spec.swift in Sources */,
				D49CB38421C7EB5E00CDCE70 /* PDFTableCellAlignment_Spec.swift in Sources */,
				D49CB37F21C7EB5E00CDCE70 /* PDFTableCellBorders+Equatable_Spec.swift in Sources */,
				D49CB38F21C7EB5E00CDCE70 /* PDFListItemObject_Spec.swift in Sources */,
				D49CB37C21C7EB5E00CDCE70 /* PDFTableStyle+Equatable_Spec.swift in Sources */,
				D49CB34E21C7EB5E00CDCE70 /* PDFOffsetObject_Spec.swift in Sources */,
				D49CB35721C7EB5E00CDCE70 /* PDFOffsetObject+Equatable_Spec.swift in Sources */,
				D49CB35F21C7EB5E00CDCE70 /* PDFImage_Spec.swift in Sources */,
				D49CB35821C7EB5E00CDCE70 /* PDFPageBreakObject+Equatable_Spec.swift in Sources */,
				D49CB36621C7EB5E00CDCE70 /* PDFFontObject_Spec.swift in Sources */,
				D49CB37721C7EB5E00CDCE70 /* PDFGenerator+Debug_Spec.swift in Sources */,
				D49CB35E21C7EB5E00CDCE70 /* PDFImage_Equatable_Spec.swift in Sources */,
				D49CB37021C7EB5E00CDCE70 /* PDFLineStyle_Equatable_Spec.swift in Sources */,
				D49CB34A21C7EB5E00CDCE70 /* PDFPagination_Spec.swift in Sources */,
				D49CB39321C7EB5E00CDCE70 /* PDFPageFormat+Layout_Spec.swift in Sources */,
				D49CB34C21C7EB5E00CDCE70 /* PDFIndentationObject_Spec.swift in Sources */,
				D49CB34721C7EB5E00CDCE70 /* PDFPagination_Equatable_Spec.swift in Sources */,
				D49CB37521C7EB5E00CDCE70 /* PDFLineStyle_Spec.swift in Sources */,
				D49CB38B21C7EB5E00CDCE70 /* PDFTableContent+Equatable_Spec.swift in Sources */,
				D49CB34821C7EB5E00CDCE70 /* PDFPagination_Closure_Spec.swift in Sources */,
				D49CB38221C7EB5E00CDCE70 /* PDFTableCell_Spec.swift in Sources */,
				D49CB38621C7EB5E00CDCE70 /* PDFTableStyle+Defaults_Spec.swift in Sources */,
				D49CB34621C7EB5E00CDCE70 /* Int+RomanNumerals_Spec.swift in Sources */,
				D49CB38A21C7EB5E00CDCE70 /* PDFTable_Spec.swift in Sources */,
				D49CB34D21C7EB5E00CDCE70 /* PDFPageBreakObject_Spec.swift in Sources */,
				D49CB35D21C7EB5E00CDCE70 /* PDFImageSizeFit_Spec.swift in Sources */,
				D49CB37921C7EB5E00CDCE70 /* PDFObject_Spec.swift in Sources */,
				D49CB35421C7EB5E00CDCE70 /* PDFLayoutIndentations+Equatable_Spec.swift in Sources */,
				D49CB39821C7EB5E00CDCE70 /* PDFDocument_Spec.swift in Sources */,
				D49CB37121C7EB5E00CDCE70 /* PDFLineSeparatorObject_Spec.swift in Sources */,
				D49CB35621C7EB5E00CDCE70 /* PDFLayoutHeights_Spec.swift in Sources */,
				D49CB35521C7EB5E00CDCE70 /* PDFContainer_Spec.swift in Sources */,
				D49CB37D21C7EB5E00CDCE70 /* PDFTableCellStyle_Spec.swift in Sources */,
				D49CB38921C7EB5E00CDCE70 /* PDFTableCellPosition_Hashable_Spec.swift in Sources */,
				D49CB36721C7EB5E00CDCE70 /* PDFAttributedTextObject_Spec.swift in Sources */,
				D49CB37221C7EB5E00CDCE70 /* UIImage+CloseToEqual_Spec.swift in Sources */,
				D49CB37B21C7EB5E00CDCE70 /* PDFTableCellPosition_Spec.swift in Sources */,
				D49CB36A21C7EB5E00CDCE70 /* PDFJSONRepresentable_Spec.swift in Sources */,
				D49CB39521C7EB5E00CDCE70 /* PDFPageFormat+SizeConstants_Spec.swift in Sources */,
				D49CB37421C7EB5E00CDCE70 /* UIImage+Pixel_Spec.swift in Sources */,
				D49CB37321C7EB5E00CDCE70 /* PDFGraphics_Spec.swift in Sources */,
				D49CB36C21C7EB5E00CDCE70 /* PDFInfo_Spec.swift in Sources */,
				D49CB38121C7EB5E00CDCE70 /* PDFTableCellBorders_Spec.swift in Sources */,
				D49CB35B21C7EB5E00CDCE70 /* PDFLayoutHeights+Equatable_Spec.swift in Sources */,
				D49CB35121C7EB5E00CDCE70 /* PDFSpaceObject_Spec.swift in Sources */,
				D49CB39121C7EB5E00CDCE70 /* PDFList+Equatable_Spec.swift in Sources */,
				D49CB38E21C7EB5E00CDCE70 /* PDFListItem_Spec.swift in Sources */,
				D49CB39021C7EB5E00CDCE70 /* PDFListItemSymbol_Spec.swift in Sources */,
				D49CB36821C7EB5E00CDCE70 /* PDFGenerator+Layout_Spec.swift in Sources */,
				D49CB39421C7EB5E00CDCE70 /* PDFPageFormat_Spec.swift in Sources */,
				D49CB35021C7EB5E00CDCE70 /* PDFPageLayout_Spec.swift in Sources */,
				D49CB38021C7EB5E00CDCE70 /* PDFTableCellStyle+Equatable_Spec.swift in Sources */,
				D49CB38321C7EB5E00CDCE70 /* PDFTable+Equatable_Spec.swift in Sources */,
				D49CB38721C7EB5E00CDCE70 /* PDFTableCellPosition+Equatable_Spec.swift in Sources */,
				D49CB34F21C7EB5E00CDCE70 /* PDFPageLayout+Equatable_Spec.swift in Sources */,
				D49CB36B21C7EB5E00CDCE70 /* PDFGenerator_Spec.swift in Sources */,
				D49CB35A21C7EB5E00CDCE70 /* PDFIndentationObject_Equatable_Spec.swift in Sources */,
				D49CB36D21C7EB5E00CDCE70 /* PDFInfo+Equatable_Spec.swift in Sources */,
				D49CB38D21C7EB5E00CDCE70 /* PDFListItem_Equatable_Spec.swift in Sources */,
				D49CB34B21C7EB5E00CDCE70 /* PDFPaginationStyle+Equatable_Spec.swift in Sources */,
				D49CB37821C7EB5E00CDCE70 /* PDFCalculations_Spec.swift in Sources */,
				D49CB39621C7EB5E00CDCE70 /* PDFGenerator+Generation_Spec.swift in Sources */,
				D49CB36121C7EB5E00CDCE70 /* PDFText_Spec.swift in Sources */,
				D49CB36021C7EB5E00CDCE70 /* PDFSimpleText_Spec.swift in Sources */,
				D49CB37A21C7EB5E00CDCE70 /* PDFError_Spec.swift in Sources */,
				D49CB35921C7EB5E00CDCE70 /* PDFLayout_Spec.swift in Sources */,
				D49CB34921C7EB5E00CDCE70 /* PDFPaginationStyle_Spec.swift in Sources */,
				D49CB36321C7EB5E00CDCE70 /* PDFAttributedText_Spec.swift in Sources */,
				D49CB35221C7EB5E00CDCE70 /* PDFLayout+Equatable_Spec.swift in Sources */,
				D49CB39721C7EB5E00CDCE70 /* PDFDocument+Objects_Spec.swift in Sources */,
				D49CB38521C7EB5E00CDCE70 /* PDFTableContent_Spec.swift in Sources */,
				D49CB36E21C7EB5E00CDCE70 /* PDFLineSeparatorObject+Equatable_Spec.swift in Sources */,
				D49CB35C21C7EB5E00CDCE70 /* CGPoint+Math_Spec.swift in Sources */,
				D49CB36221C7EB5E00CDCE70 /* PDFSimpleText+Equatable_Spec.swift in Sources */,
			);
			runOnlyForDeploymentPostprocessing = 0;
		};
/* End PBXSourcesBuildPhase section */

/* Begin PBXTargetDependency section */
		D49CB2E321C7EAD200CDCE70 /* PBXTargetDependency */ = {
			isa = PBXTargetDependency;
			target = 607FACCF1AFB9204008FA782 /* TPPDF_Example */;
			targetProxy = D49CB2E221C7EAD200CDCE70 /* PBXContainerItemProxy */;
		};
/* End PBXTargetDependency section */

/* Begin PBXVariantGroup section */
		607FACD91AFB9204008FA782 /* Main.storyboard */ = {
			isa = PBXVariantGroup;
			children = (
				607FACDA1AFB9204008FA782 /* Base */,
			);
			name = Main.storyboard;
			sourceTree = "<group>";
		};
		607FACDE1AFB9204008FA782 /* LaunchScreen.xib */ = {
			isa = PBXVariantGroup;
			children = (
				607FACDF1AFB9204008FA782 /* Base */,
			);
			name = LaunchScreen.xib;
			sourceTree = "<group>";
		};
/* End PBXVariantGroup section */

/* Begin XCBuildConfiguration section */
		607FACED1AFB9204008FA782 /* Debug */ = {
			isa = XCBuildConfiguration;
			buildSettings = {
				ALWAYS_SEARCH_USER_PATHS = NO;
				CLANG_ANALYZER_LOCALIZABILITY_NONLOCALIZED = YES;
				CLANG_CXX_LANGUAGE_STANDARD = "gnu++0x";
				CLANG_CXX_LIBRARY = "libc++";
				CLANG_ENABLE_MODULES = YES;
				CLANG_ENABLE_OBJC_ARC = YES;
				CLANG_WARN_BLOCK_CAPTURE_AUTORELEASING = YES;
				CLANG_WARN_BOOL_CONVERSION = YES;
				CLANG_WARN_COMMA = YES;
				CLANG_WARN_CONSTANT_CONVERSION = YES;
				CLANG_WARN_DEPRECATED_OBJC_IMPLEMENTATIONS = YES;
				CLANG_WARN_DIRECT_OBJC_ISA_USAGE = YES_ERROR;
				CLANG_WARN_EMPTY_BODY = YES;
				CLANG_WARN_ENUM_CONVERSION = YES;
				CLANG_WARN_INFINITE_RECURSION = YES;
				CLANG_WARN_INT_CONVERSION = YES;
				CLANG_WARN_NON_LITERAL_NULL_CONVERSION = YES;
				CLANG_WARN_OBJC_IMPLICIT_RETAIN_SELF = YES;
				CLANG_WARN_OBJC_LITERAL_CONVERSION = YES;
				CLANG_WARN_OBJC_ROOT_CLASS = YES_ERROR;
				CLANG_WARN_RANGE_LOOP_ANALYSIS = YES;
				CLANG_WARN_STRICT_PROTOTYPES = YES;
				CLANG_WARN_SUSPICIOUS_MOVE = YES;
				CLANG_WARN_UNREACHABLE_CODE = YES;
				CLANG_WARN__DUPLICATE_METHOD_MATCH = YES;
				"CODE_SIGN_IDENTITY[sdk=iphoneos*]" = "iPhone Developer";
				COPY_PHASE_STRIP = NO;
				DEBUG_INFORMATION_FORMAT = "dwarf-with-dsym";
				ENABLE_STRICT_OBJC_MSGSEND = YES;
				ENABLE_TESTABILITY = YES;
				GCC_C_LANGUAGE_STANDARD = gnu99;
				GCC_DYNAMIC_NO_PIC = NO;
				GCC_NO_COMMON_BLOCKS = YES;
				GCC_OPTIMIZATION_LEVEL = 0;
				GCC_PREPROCESSOR_DEFINITIONS = (
					"DEBUG=1",
					"$(inherited)",
				);
				GCC_SYMBOLS_PRIVATE_EXTERN = NO;
				GCC_WARN_64_TO_32_BIT_CONVERSION = YES;
				GCC_WARN_ABOUT_RETURN_TYPE = YES_ERROR;
				GCC_WARN_UNDECLARED_SELECTOR = YES;
				GCC_WARN_UNINITIALIZED_AUTOS = YES_AGGRESSIVE;
				GCC_WARN_UNUSED_FUNCTION = YES;
				GCC_WARN_UNUSED_VARIABLE = YES;
				IPHONEOS_DEPLOYMENT_TARGET = 8.3;
				MTL_ENABLE_DEBUG_INFO = YES;
				ONLY_ACTIVE_ARCH = YES;
				SDKROOT = iphoneos;
				SWIFT_OPTIMIZATION_LEVEL = "-Onone";
				SWIFT_VERSION = 4.2;
			};
			name = Debug;
		};
		607FACEE1AFB9204008FA782 /* Release */ = {
			isa = XCBuildConfiguration;
			buildSettings = {
				ALWAYS_SEARCH_USER_PATHS = NO;
				CLANG_ANALYZER_LOCALIZABILITY_NONLOCALIZED = YES;
				CLANG_CXX_LANGUAGE_STANDARD = "gnu++0x";
				CLANG_CXX_LIBRARY = "libc++";
				CLANG_ENABLE_MODULES = YES;
				CLANG_ENABLE_OBJC_ARC = YES;
				CLANG_WARN_BLOCK_CAPTURE_AUTORELEASING = YES;
				CLANG_WARN_BOOL_CONVERSION = YES;
				CLANG_WARN_COMMA = YES;
				CLANG_WARN_CONSTANT_CONVERSION = YES;
				CLANG_WARN_DEPRECATED_OBJC_IMPLEMENTATIONS = YES;
				CLANG_WARN_DIRECT_OBJC_ISA_USAGE = YES_ERROR;
				CLANG_WARN_EMPTY_BODY = YES;
				CLANG_WARN_ENUM_CONVERSION = YES;
				CLANG_WARN_INFINITE_RECURSION = YES;
				CLANG_WARN_INT_CONVERSION = YES;
				CLANG_WARN_NON_LITERAL_NULL_CONVERSION = YES;
				CLANG_WARN_OBJC_IMPLICIT_RETAIN_SELF = YES;
				CLANG_WARN_OBJC_LITERAL_CONVERSION = YES;
				CLANG_WARN_OBJC_ROOT_CLASS = YES_ERROR;
				CLANG_WARN_RANGE_LOOP_ANALYSIS = YES;
				CLANG_WARN_STRICT_PROTOTYPES = YES;
				CLANG_WARN_SUSPICIOUS_MOVE = YES;
				CLANG_WARN_UNREACHABLE_CODE = YES;
				CLANG_WARN__DUPLICATE_METHOD_MATCH = YES;
				"CODE_SIGN_IDENTITY[sdk=iphoneos*]" = "iPhone Developer";
				COPY_PHASE_STRIP = NO;
				DEBUG_INFORMATION_FORMAT = "dwarf-with-dsym";
				ENABLE_NS_ASSERTIONS = NO;
				ENABLE_STRICT_OBJC_MSGSEND = YES;
				GCC_C_LANGUAGE_STANDARD = gnu99;
				GCC_NO_COMMON_BLOCKS = YES;
				GCC_WARN_64_TO_32_BIT_CONVERSION = YES;
				GCC_WARN_ABOUT_RETURN_TYPE = YES_ERROR;
				GCC_WARN_UNDECLARED_SELECTOR = YES;
				GCC_WARN_UNINITIALIZED_AUTOS = YES_AGGRESSIVE;
				GCC_WARN_UNUSED_FUNCTION = YES;
				GCC_WARN_UNUSED_VARIABLE = YES;
				IPHONEOS_DEPLOYMENT_TARGET = 8.3;
				MTL_ENABLE_DEBUG_INFO = NO;
				SDKROOT = iphoneos;
				SWIFT_OPTIMIZATION_LEVEL = "-Owholemodule";
				SWIFT_VERSION = 4.2;
				VALIDATE_PRODUCT = YES;
			};
			name = Release;
		};
		607FACF01AFB9204008FA782 /* Debug */ = {
			isa = XCBuildConfiguration;
			baseConfigurationReference = CC5FCFE25216F928F28FB6AB /* Pods-TPPDF_Example.debug.xcconfig */;
			buildSettings = {
				ASSETCATALOG_COMPILER_APPICON_NAME = AppIcon;
				CODE_SIGN_IDENTITY = "iPhone Developer";
				"CODE_SIGN_IDENTITY[sdk=iphoneos*]" = "iPhone Developer";
				CODE_SIGN_STYLE = Manual;
				DEVELOPMENT_TEAM = "";
				GCC_WARN_UNUSED_LABEL = YES;
				GCC_WARN_UNUSED_PARAMETER = YES;
				INFOPLIST_FILE = TPPDF/Info.plist;
				LD_RUNPATH_SEARCH_PATHS = "$(inherited) @executable_path/Frameworks";
				MODULE_NAME = ExampleApp;
				PRODUCT_BUNDLE_IDENTIFIER = com.techprimate.tppdf.example;
				PRODUCT_NAME = "$(TARGET_NAME)";
				PROVISIONING_PROFILE_SPECIFIER = "";
				SWIFT_VERSION = 5.0;
			};
			name = Debug;
		};
		607FACF11AFB9204008FA782 /* Release */ = {
			isa = XCBuildConfiguration;
			baseConfigurationReference = 2B75F32C9A9E66C63E5F5500 /* Pods-TPPDF_Example.release.xcconfig */;
			buildSettings = {
				ASSETCATALOG_COMPILER_APPICON_NAME = AppIcon;
				CODE_SIGN_IDENTITY = "iPhone Developer";
				"CODE_SIGN_IDENTITY[sdk=iphoneos*]" = "iPhone Developer";
				CODE_SIGN_STYLE = Manual;
				DEVELOPMENT_TEAM = "";
				GCC_WARN_UNUSED_LABEL = YES;
				GCC_WARN_UNUSED_PARAMETER = YES;
				INFOPLIST_FILE = TPPDF/Info.plist;
				LD_RUNPATH_SEARCH_PATHS = "$(inherited) @executable_path/Frameworks";
				MODULE_NAME = ExampleApp;
				PRODUCT_BUNDLE_IDENTIFIER = com.techprimate.tppdf.example;
				PRODUCT_NAME = "$(TARGET_NAME)";
				PROVISIONING_PROFILE_SPECIFIER = "";
				SWIFT_VERSION = 5.0;
			};
			name = Release;
		};
		D49CB2E521C7EAD200CDCE70 /* Debug */ = {
			isa = XCBuildConfiguration;
			baseConfigurationReference = 9B32C9EC6C346E3B5A08F590 /* Pods-TPPDF_Tests.debug.xcconfig */;
			buildSettings = {
				BUNDLE_LOADER = "$(TEST_HOST)";
				CLANG_ANALYZER_NONNULL = YES;
				CLANG_ANALYZER_NUMBER_OBJECT_CONVERSION = YES_AGGRESSIVE;
				CLANG_CXX_LANGUAGE_STANDARD = "gnu++14";
				CLANG_ENABLE_MODULES = YES;
				CLANG_ENABLE_OBJC_WEAK = YES;
				CLANG_WARN_DOCUMENTATION_COMMENTS = YES;
				CLANG_WARN_UNGUARDED_AVAILABILITY = YES_AGGRESSIVE;
				CODE_SIGN_IDENTITY = "iPhone Developer";
				CODE_SIGN_STYLE = Automatic;
				DEBUG_INFORMATION_FORMAT = dwarf;
				DEVELOPMENT_TEAM = 8REJWL5T8N;
				GCC_C_LANGUAGE_STANDARD = gnu11;
				INFOPLIST_FILE = TPPDF_Tests/Info.plist;
				IPHONEOS_DEPLOYMENT_TARGET = 12.1;
				LD_RUNPATH_SEARCH_PATHS = "$(inherited) @executable_path/Frameworks @loader_path/Frameworks";
				MTL_ENABLE_DEBUG_INFO = INCLUDE_SOURCE;
				MTL_FAST_MATH = YES;
				PRODUCT_BUNDLE_IDENTIFIER = "com.techprimate.TPPDF-Tests";
				PRODUCT_NAME = "$(TARGET_NAME)";
				SWIFT_ACTIVE_COMPILATION_CONDITIONS = DEBUG;
				SWIFT_OPTIMIZATION_LEVEL = "-Onone";
				SWIFT_VERSION = 5.0;
				TARGETED_DEVICE_FAMILY = "1,2";
				TEST_HOST = "$(BUILT_PRODUCTS_DIR)/TPPDF_Example.app/TPPDF_Example";
			};
			name = Debug;
		};
		D49CB2E621C7EAD200CDCE70 /* Release */ = {
			isa = XCBuildConfiguration;
			baseConfigurationReference = 795EE608FC6F693B5717A6AF /* Pods-TPPDF_Tests.release.xcconfig */;
			buildSettings = {
				BUNDLE_LOADER = "$(TEST_HOST)";
				CLANG_ANALYZER_NONNULL = YES;
				CLANG_ANALYZER_NUMBER_OBJECT_CONVERSION = YES_AGGRESSIVE;
				CLANG_CXX_LANGUAGE_STANDARD = "gnu++14";
				CLANG_ENABLE_MODULES = YES;
				CLANG_ENABLE_OBJC_WEAK = YES;
				CLANG_WARN_DOCUMENTATION_COMMENTS = YES;
				CLANG_WARN_UNGUARDED_AVAILABILITY = YES_AGGRESSIVE;
				CODE_SIGN_IDENTITY = "iPhone Developer";
				CODE_SIGN_STYLE = Automatic;
				DEVELOPMENT_TEAM = 8REJWL5T8N;
				GCC_C_LANGUAGE_STANDARD = gnu11;
				INFOPLIST_FILE = TPPDF_Tests/Info.plist;
				IPHONEOS_DEPLOYMENT_TARGET = 12.1;
				LD_RUNPATH_SEARCH_PATHS = "$(inherited) @executable_path/Frameworks @loader_path/Frameworks";
				MTL_FAST_MATH = YES;
				PRODUCT_BUNDLE_IDENTIFIER = "com.techprimate.TPPDF-Tests";
				PRODUCT_NAME = "$(TARGET_NAME)";
				SWIFT_VERSION = 5.0;
				TARGETED_DEVICE_FAMILY = "1,2";
				TEST_HOST = "$(BUILT_PRODUCTS_DIR)/TPPDF_Example.app/TPPDF_Example";
			};
			name = Release;
		};
/* End XCBuildConfiguration section */

/* Begin XCConfigurationList section */
		607FACCB1AFB9204008FA782 /* Build configuration list for PBXProject "TPPDF" */ = {
			isa = XCConfigurationList;
			buildConfigurations = (
				607FACED1AFB9204008FA782 /* Debug */,
				607FACEE1AFB9204008FA782 /* Release */,
			);
			defaultConfigurationIsVisible = 0;
			defaultConfigurationName = Release;
		};
		607FACEF1AFB9204008FA782 /* Build configuration list for PBXNativeTarget "TPPDF_Example" */ = {
			isa = XCConfigurationList;
			buildConfigurations = (
				607FACF01AFB9204008FA782 /* Debug */,
				607FACF11AFB9204008FA782 /* Release */,
			);
			defaultConfigurationIsVisible = 0;
			defaultConfigurationName = Release;
		};
		D49CB2E421C7EAD200CDCE70 /* Build configuration list for PBXNativeTarget "TPPDF_Tests" */ = {
			isa = XCConfigurationList;
			buildConfigurations = (
				D49CB2E521C7EAD200CDCE70 /* Debug */,
				D49CB2E621C7EAD200CDCE70 /* Release */,
			);
			defaultConfigurationIsVisible = 0;
			defaultConfigurationName = Release;
		};
/* End XCConfigurationList section */
	};
	rootObject = 607FACC81AFB9204008FA782 /* Project object */;
}
